
Microsoft Visual Studio Solution File, Format Version 12.00
# Visual Studio Version 16
VisualStudioVersion = 16.0.29728.190
MinimumVisualStudioVersion = 10.0.40219.1
Project("{FAE04EC0-301F-11D3-BF4B-00C04F79EFBC}") = "SoftWarmBeds", "Source\SoftWarmBeds.csproj", "{D7D21B4A-1DA7-41D8-B202-C58CA8FA62AA}"
EndProject
Project("{2150E333-8FDC-42A3-9474-1A3956D46DE8}") = "About", "About", "{0A658597-EC25-4D13-A2DE-FC17261B7346}"
	ProjectSection(SolutionItems) = preProject
		About\About.xml = About\About.xml
		About\Preview.png = About\Preview.png
		About\PublishedFileId.txt = About\PublishedFileId.txt
		About\Version.xml = About\Version.xml
	EndProjectSection
EndProject
Project("{2150E333-8FDC-42A3-9474-1A3956D46DE8}") = "Defs", "Defs", "{5112442D-F6EE-4658-82D5-C2DCF9CFAB8F}"
	ProjectSection(SolutionItems) = preProject
		Defs\Jobs.xml = Defs\Jobs.xml
		Defs\Stats.xml = Defs\Stats.xml
		Defs\ThingCategories.xml = Defs\ThingCategories.xml
		Defs\Things.xml = Defs\Things.xml
		Defs\WorkGiver.xml = Defs\WorkGiver.xml
	EndProjectSection
EndProject
Project("{2150E333-8FDC-42A3-9474-1A3956D46DE8}") = "Patches", "Patches", "{24D48765-C33C-4B3D-8E18-4FDB6184A046}"
	ProjectSection(SolutionItems) = preProject
		Patches\Patches.xml = Patches\Patches.xml
		Patches\Patches_BabyAndChildren.xml = Patches\Patches_BabyAndChildren.xml
		Patches\Patches_GloomyFurniture.xml = Patches\Patches_GloomyFurniture.xml
		Patches\Patches_GloomyVanilla.xml = Patches\Patches_GloomyVanilla.xml
		Patches\Patches_NanoRepairTech.xml = Patches\Patches_NanoRepairTech.xml
		Patches\Patches_RiceCultivatingCivilization.xml = Patches\Patches_RiceCultivatingCivilization.xml
		Patches\Patches_RIMkea.xml = Patches\Patches_RIMkea.xml
		Patches\Patches_SparklingWorlds.xml = Patches\Patches_SparklingWorlds.xml
		Patches\Patches_VanillaFactionExpandedVikings.xml = Patches\Patches_VanillaFactionExpandedVikings.xml
		Patches\Patches_VanillaFurnitureExpanded.xml = Patches\Patches_VanillaFurnitureExpanded.xml
	EndProjectSection
EndProject
Project("{2150E333-8FDC-42A3-9474-1A3956D46DE8}") = "News", "News", "{2EF2EBAD-6419-434A-963F-D0EF22EF4164}"
	ProjectSection(SolutionItems) = preProject
		News\MiyuriMode.png = News\MiyuriMode.png
		News\Quarantine.png = News\Quarantine.png
		News\SoftWarmBeds_UpdateFeatures.xml = News\SoftWarmBeds_UpdateFeatures.xml
	EndProjectSection
EndProject
Project("{2150E333-8FDC-42A3-9474-1A3956D46DE8}") = "Textures", "Textures", "{083E1096-5587-491F-BE8F-0126126B012F}"
EndProject
Project("{2150E333-8FDC-42A3-9474-1A3956D46DE8}") = "Things", "Things", "{5F69B790-4B0F-45EF-92F4-FBAB696121BB}"
EndProject
Project("{2150E333-8FDC-42A3-9474-1A3956D46DE8}") = "Beddings", "Beddings", "{6E030C35-6A0B-47C9-9DFC-59EBA0D02780}"
	ProjectSection(SolutionItems) = preProject
		Textures\Things\Beddings\beddingDouble.png = Textures\Things\Beddings\beddingDouble.png
		Textures\Things\Beddings\beddingSingle.png = Textures\Things\Beddings\beddingSingle.png
		Textures\Things\Beddings\TribalBeddingDouble.png = Textures\Things\Beddings\TribalBeddingDouble.png
		Textures\Things\Beddings\TribalBeddingSingle.png = Textures\Things\Beddings\TribalBeddingSingle.png
	EndProjectSection
EndProject
Project("{2150E333-8FDC-42A3-9474-1A3956D46DE8}") = "Building", "Building", "{420F45EC-2105-4D31-8296-76C7EC371CD5}"
	ProjectSection(SolutionItems) = preProject
		Textures\Things\Building\Bed_east.png = Textures\Things\Building\Bed_east.png
		Textures\Things\Building\Bed_eastm.png = Textures\Things\Building\Bed_eastm.png
		Textures\Things\Building\Bed_north.png = Textures\Things\Building\Bed_north.png
		Textures\Things\Building\Bed_northm.png = Textures\Things\Building\Bed_northm.png
		Textures\Things\Building\Bed_south.png = Textures\Things\Building\Bed_south.png
		Textures\Things\Building\Bed_southm.png = Textures\Things\Building\Bed_southm.png
		Textures\Things\Building\DoubleBed_east.png = Textures\Things\Building\DoubleBed_east.png
		Textures\Things\Building\DoubleBed_eastm.png = Textures\Things\Building\DoubleBed_eastm.png
		Textures\Things\Building\DoubleBed_north.png = Textures\Things\Building\DoubleBed_north.png
		Textures\Things\Building\DoubleBed_northm.png = Textures\Things\Building\DoubleBed_northm.png
		Textures\Things\Building\DoubleBed_south.png = Textures\Things\Building\DoubleBed_south.png
		Textures\Things\Building\DoubleBed_southm.png = Textures\Things\Building\DoubleBed_southm.png
		Textures\Things\Building\DoubleBlanket_east.png = Textures\Things\Building\DoubleBlanket_east.png
		Textures\Things\Building\DoubleBlanket_eastm.png = Textures\Things\Building\DoubleBlanket_eastm.png
		Textures\Things\Building\DoubleBlanket_north.png = Textures\Things\Building\DoubleBlanket_north.png
		Textures\Things\Building\DoubleBlanket_northm.png = Textures\Things\Building\DoubleBlanket_northm.png
		Textures\Things\Building\DoubleBlanket_south.png = Textures\Things\Building\DoubleBlanket_south.png
		Textures\Things\Building\DoubleBlanket_southm.png = Textures\Things\Building\DoubleBlanket_southm.png
		Textures\Things\Building\HospitalBed_east.png = Textures\Things\Building\HospitalBed_east.png
		Textures\Things\Building\HospitalBed_eastm.png = Textures\Things\Building\HospitalBed_eastm.png
		Textures\Things\Building\HospitalBed_north.png = Textures\Things\Building\HospitalBed_north.png
		Textures\Things\Building\HospitalBed_northm.png = Textures\Things\Building\HospitalBed_northm.png
		Textures\Things\Building\HospitalBed_south.png = Textures\Things\Building\HospitalBed_south.png
		Textures\Things\Building\HospitalBed_southm.png = Textures\Things\Building\HospitalBed_southm.png
		Textures\Things\Building\HospitalBlanket_east.png = Textures\Things\Building\HospitalBlanket_east.png
		Textures\Things\Building\HospitalBlanket_eastm.png = Textures\Things\Building\HospitalBlanket_eastm.png
		Textures\Things\Building\HospitalBlanket_north.png = Textures\Things\Building\HospitalBlanket_north.png
		Textures\Things\Building\HospitalBlanket_northm.png = Textures\Things\Building\HospitalBlanket_northm.png
		Textures\Things\Building\HospitalBlanket_south.png = Textures\Things\Building\HospitalBlanket_south.png
		Textures\Things\Building\HospitalBlanket_southm.png = Textures\Things\Building\HospitalBlanket_southm.png
		Textures\Things\Building\Rede_east.png = Textures\Things\Building\Rede_east.png
		Textures\Things\Building\Rede_eastm.png = Textures\Things\Building\Rede_eastm.png
		Textures\Things\Building\Rede_north.png = Textures\Things\Building\Rede_north.png
		Textures\Things\Building\Rede_northm.png = Textures\Things\Building\Rede_northm.png
		Textures\Things\Building\Rede_south.png = Textures\Things\Building\Rede_south.png
		Textures\Things\Building\Rede_southm.png = Textures\Things\Building\Rede_southm.png
		Textures\Things\Building\Rede_west.png = Textures\Things\Building\Rede_west.png
		Textures\Things\Building\Rede_westm.png = Textures\Things\Building\Rede_westm.png
		Textures\Things\Building\RoyalBed_east.png = Textures\Things\Building\RoyalBed_east.png
		Textures\Things\Building\RoyalBed_eastm.png = Textures\Things\Building\RoyalBed_eastm.png
		Textures\Things\Building\RoyalBed_north.png = Textures\Things\Building\RoyalBed_north.png
		Textures\Things\Building\RoyalBed_northm.png = Textures\Things\Building\RoyalBed_northm.png
		Textures\Things\Building\RoyalBed_south.png = Textures\Things\Building\RoyalBed_south.png
		Textures\Things\Building\RoyalBed_southm.png = Textures\Things\Building\RoyalBed_southm.png
		Textures\Things\Building\RoyalBlanket_east.png = Textures\Things\Building\RoyalBlanket_east.png
		Textures\Things\Building\RoyalBlanket_eastm.png = Textures\Things\Building\RoyalBlanket_eastm.png
		Textures\Things\Building\RoyalBlanket_north.png = Textures\Things\Building\RoyalBlanket_north.png
		Textures\Things\Building\RoyalBlanket_northm.png = Textures\Things\Building\RoyalBlanket_northm.png
		Textures\Things\Building\RoyalBlanket_south.png = Textures\Things\Building\RoyalBlanket_south.png
		Textures\Things\Building\RoyalBlanket_southm.png = Textures\Things\Building\RoyalBlanket_southm.png
		Textures\Things\Building\SingleBlanket_east.png = Textures\Things\Building\SingleBlanket_east.png
		Textures\Things\Building\SingleBlanket_eastm.png = Textures\Things\Building\SingleBlanket_eastm.png
		Textures\Things\Building\SingleBlanket_north.png = Textures\Things\Building\SingleBlanket_north.png
		Textures\Things\Building\SingleBlanket_northm.png = Textures\Things\Building\SingleBlanket_northm.png
		Textures\Things\Building\SingleBlanket_south.png = Textures\Things\Building\SingleBlanket_south.png
		Textures\Things\Building\SingleBlanket_southm.png = Textures\Things\Building\SingleBlanket_southm.png
	EndProjectSection
EndProject
Project("{2150E333-8FDC-42A3-9474-1A3956D46DE8}") = "GloomyFurniture", "GloomyFurniture", "{D3C02DAD-F228-479B-A1EA-81866A6B7077}"
	ProjectSection(SolutionItems) = preProject
		Textures\Things\Building\GloomyFurniture\GL_ClassyDoubleBed_east.png = Textures\Things\Building\GloomyFurniture\GL_ClassyDoubleBed_east.png
		Textures\Things\Building\GloomyFurniture\GL_ClassyDoubleBed_eastm.png = Textures\Things\Building\GloomyFurniture\GL_ClassyDoubleBed_eastm.png
		Textures\Things\Building\GloomyFurniture\GL_ClassyDoubleBed_north.png = Textures\Things\Building\GloomyFurniture\GL_ClassyDoubleBed_north.png
		Textures\Things\Building\GloomyFurniture\GL_ClassyDoubleBed_northm.png = Textures\Things\Building\GloomyFurniture\GL_ClassyDoubleBed_northm.png
		Textures\Things\Building\GloomyFurniture\GL_ClassyDoubleBed_south.png = Textures\Things\Building\GloomyFurniture\GL_ClassyDoubleBed_south.png
		Textures\Things\Building\GloomyFurniture\GL_ClassyDoubleBed_southm.png = Textures\Things\Building\GloomyFurniture\GL_ClassyDoubleBed_southm.png
		Textures\Things\Building\GloomyFurniture\GL_ClassyDoubleBlanket_east.png = Textures\Things\Building\GloomyFurniture\GL_ClassyDoubleBlanket_east.png
		Textures\Things\Building\GloomyFurniture\GL_ClassyDoubleBlanket_eastm.png = Textures\Things\Building\GloomyFurniture\GL_ClassyDoubleBlanket_eastm.png
		Textures\Things\Building\GloomyFurniture\GL_ClassyDoubleBlanket_north.png = Textures\Things\Building\GloomyFurniture\GL_ClassyDoubleBlanket_north.png
		Textures\Things\Building\GloomyFurniture\GL_ClassyDoubleBlanket_northm.png = Textures\Things\Building\GloomyFurniture\GL_ClassyDoubleBlanket_northm.png
		Textures\Things\Building\GloomyFurniture\GL_ClassyDoubleBlanket_south.png = Textures\Things\Building\GloomyFurniture\GL_ClassyDoubleBlanket_south.png
		Textures\Things\Building\GloomyFurniture\GL_ClassyDoubleBlanket_southm.png = Textures\Things\Building\GloomyFurniture\GL_ClassyDoubleBlanket_southm.png
		Textures\Things\Building\GloomyFurniture\RGK_bedDouble2_east.png = Textures\Things\Building\GloomyFurniture\RGK_bedDouble2_east.png
		Textures\Things\Building\GloomyFurniture\RGK_bedDouble2_eastm.png = Textures\Things\Building\GloomyFurniture\RGK_bedDouble2_eastm.png
		Textures\Things\Building\GloomyFurniture\RGK_bedDouble2_north.png = Textures\Things\Building\GloomyFurniture\RGK_bedDouble2_north.png
		Textures\Things\Building\GloomyFurniture\RGK_bedDouble2_northm.png = Textures\Things\Building\GloomyFurniture\RGK_bedDouble2_northm.png
		Textures\Things\Building\GloomyFurniture\RGK_bedDouble2_south.png = Textures\Things\Building\GloomyFurniture\RGK_bedDouble2_south.png
		Textures\Things\Building\GloomyFurniture\RGK_bedDouble2_southm.png = Textures\Things\Building\GloomyFurniture\RGK_bedDouble2_southm.png
		Textures\Things\Building\GloomyFurniture\RGK_bedDouble_east.png = Textures\Things\Building\GloomyFurniture\RGK_bedDouble_east.png
		Textures\Things\Building\GloomyFurniture\RGK_bedDouble_eastm.png = Textures\Things\Building\GloomyFurniture\RGK_bedDouble_eastm.png
		Textures\Things\Building\GloomyFurniture\RGK_bedDouble_north.png = Textures\Things\Building\GloomyFurniture\RGK_bedDouble_north.png
		Textures\Things\Building\GloomyFurniture\RGK_bedDouble_northm.png = Textures\Things\Building\GloomyFurniture\RGK_bedDouble_northm.png
		Textures\Things\Building\GloomyFurniture\RGK_bedDouble_south.png = Textures\Things\Building\GloomyFurniture\RGK_bedDouble_south.png
		Textures\Things\Building\GloomyFurniture\RGK_bedDouble_southm.png = Textures\Things\Building\GloomyFurniture\RGK_bedDouble_southm.png
		Textures\Things\Building\GloomyFurniture\RGK_bedSingle2_east.png = Textures\Things\Building\GloomyFurniture\RGK_bedSingle2_east.png
		Textures\Things\Building\GloomyFurniture\RGK_bedSingle2_eastm.png = Textures\Things\Building\GloomyFurniture\RGK_bedSingle2_eastm.png
		Textures\Things\Building\GloomyFurniture\RGK_bedSingle2_north.png = Textures\Things\Building\GloomyFurniture\RGK_bedSingle2_north.png
		Textures\Things\Building\GloomyFurniture\RGK_bedSingle2_northm.png = Textures\Things\Building\GloomyFurniture\RGK_bedSingle2_northm.png
		Textures\Things\Building\GloomyFurniture\RGK_bedSingle2_south.png = Textures\Things\Building\GloomyFurniture\RGK_bedSingle2_south.png
		Textures\Things\Building\GloomyFurniture\RGK_bedSingle2_southm.png = Textures\Things\Building\GloomyFurniture\RGK_bedSingle2_southm.png
		Textures\Things\Building\GloomyFurniture\RGK_bedSingle_east.png = Textures\Things\Building\GloomyFurniture\RGK_bedSingle_east.png
		Textures\Things\Building\GloomyFurniture\RGK_bedSingle_eastm.png = Textures\Things\Building\GloomyFurniture\RGK_bedSingle_eastm.png
		Textures\Things\Building\GloomyFurniture\RGK_bedSingle_north.png = Textures\Things\Building\GloomyFurniture\RGK_bedSingle_north.png
		Textures\Things\Building\GloomyFurniture\RGK_bedSingle_northm.png = Textures\Things\Building\GloomyFurniture\RGK_bedSingle_northm.png
		Textures\Things\Building\GloomyFurniture\RGK_bedSingle_south.png = Textures\Things\Building\GloomyFurniture\RGK_bedSingle_south.png
		Textures\Things\Building\GloomyFurniture\RGK_bedSingle_southm.png = Textures\Things\Building\GloomyFurniture\RGK_bedSingle_southm.png
		Textures\Things\Building\GloomyFurniture\RGK_DoubleBlanket2_east.png = Textures\Things\Building\GloomyFurniture\RGK_DoubleBlanket2_east.png
		Textures\Things\Building\GloomyFurniture\RGK_DoubleBlanket2_eastm.png = Textures\Things\Building\GloomyFurniture\RGK_DoubleBlanket2_eastm.png
		Textures\Things\Building\GloomyFurniture\RGK_DoubleBlanket2_north.png = Textures\Things\Building\GloomyFurniture\RGK_DoubleBlanket2_north.png
		Textures\Things\Building\GloomyFurniture\RGK_DoubleBlanket2_northm.png = Textures\Things\Building\GloomyFurniture\RGK_DoubleBlanket2_northm.png
		Textures\Things\Building\GloomyFurniture\RGK_DoubleBlanket2_south.png = Textures\Things\Building\GloomyFurniture\RGK_DoubleBlanket2_south.png
		Textures\Things\Building\GloomyFurniture\RGK_DoubleBlanket2_southm.png = Textures\Things\Building\GloomyFurniture\RGK_DoubleBlanket2_southm.png
		Textures\Things\Building\GloomyFurniture\RGK_DoubleBlanket_east.png = Textures\Things\Building\GloomyFurniture\RGK_DoubleBlanket_east.png
		Textures\Things\Building\GloomyFurniture\RGK_DoubleBlanket_eastm.png = Textures\Things\Building\GloomyFurniture\RGK_DoubleBlanket_eastm.png
		Textures\Things\Building\GloomyFurniture\RGK_DoubleBlanket_north.png = Textures\Things\Building\GloomyFurniture\RGK_DoubleBlanket_north.png
		Textures\Things\Building\GloomyFurniture\RGK_DoubleBlanket_northm.png = Textures\Things\Building\GloomyFurniture\RGK_DoubleBlanket_northm.png
		Textures\Things\Building\GloomyFurniture\RGK_DoubleBlanket_south.png = Textures\Things\Building\GloomyFurniture\RGK_DoubleBlanket_south.png
		Textures\Things\Building\GloomyFurniture\RGK_DoubleBlanket_southm.png = Textures\Things\Building\GloomyFurniture\RGK_DoubleBlanket_southm.png
		Textures\Things\Building\GloomyFurniture\RGK_SingleBlanket2_east.png = Textures\Things\Building\GloomyFurniture\RGK_SingleBlanket2_east.png
		Textures\Things\Building\GloomyFurniture\RGK_SingleBlanket2_eastm.png = Textures\Things\Building\GloomyFurniture\RGK_SingleBlanket2_eastm.png
		Textures\Things\Building\GloomyFurniture\RGK_SingleBlanket2_north.png = Textures\Things\Building\GloomyFurniture\RGK_SingleBlanket2_north.png
		Textures\Things\Building\GloomyFurniture\RGK_SingleBlanket2_northm.png = Textures\Things\Building\GloomyFurniture\RGK_SingleBlanket2_northm.png
		Textures\Things\Building\GloomyFurniture\RGK_SingleBlanket2_south.png = Textures\Things\Building\GloomyFurniture\RGK_SingleBlanket2_south.png
		Textures\Things\Building\GloomyFurniture\RGK_SingleBlanket2_southm.png = Textures\Things\Building\GloomyFurniture\RGK_SingleBlanket2_southm.png
		Textures\Things\Building\GloomyFurniture\RGK_SingleBlanket_east.png = Textures\Things\Building\GloomyFurniture\RGK_SingleBlanket_east.png
		Textures\Things\Building\GloomyFurniture\RGK_SingleBlanket_eastm.png = Textures\Things\Building\GloomyFurniture\RGK_SingleBlanket_eastm.png
		Textures\Things\Building\GloomyFurniture\RGK_SingleBlanket_north.png = Textures\Things\Building\GloomyFurniture\RGK_SingleBlanket_north.png
		Textures\Things\Building\GloomyFurniture\RGK_SingleBlanket_northm.png = Textures\Things\Building\GloomyFurniture\RGK_SingleBlanket_northm.png
		Textures\Things\Building\GloomyFurniture\RGK_SingleBlanket_south.png = Textures\Things\Building\GloomyFurniture\RGK_SingleBlanket_south.png
		Textures\Things\Building\GloomyFurniture\RGK_SingleBlanket_southm.png = Textures\Things\Building\GloomyFurniture\RGK_SingleBlanket_southm.png
	EndProjectSection
EndProject
Project("{2150E333-8FDC-42A3-9474-1A3956D46DE8}") = "RIMkea", "RIMkea", "{DC1C07CC-DD52-45B0-9A37-83AA7B3DF948}"
	ProjectSection(SolutionItems) = preProject
		Textures\Things\Building\RIMkea\KRUDNEPPSingle_east.png = Textures\Things\Building\RIMkea\KRUDNEPPSingle_east.png
		Textures\Things\Building\RIMkea\KRUDNEPPSingle_eastm.png = Textures\Things\Building\RIMkea\KRUDNEPPSingle_eastm.png
		Textures\Things\Building\RIMkea\KRUDNEPPSingle_north.png = Textures\Things\Building\RIMkea\KRUDNEPPSingle_north.png
		Textures\Things\Building\RIMkea\KRUDNEPPSingle_northm.png = Textures\Things\Building\RIMkea\KRUDNEPPSingle_northm.png
		Textures\Things\Building\RIMkea\KRUDNEPPSingle_south.png = Textures\Things\Building\RIMkea\KRUDNEPPSingle_south.png
		Textures\Things\Building\RIMkea\KRUDNEPPSingle_southm.png = Textures\Things\Building\RIMkea\KRUDNEPPSingle_southm.png
		Textures\Things\Building\RIMkea\KRUDNEPPSingleBlanket_east.png = Textures\Things\Building\RIMkea\KRUDNEPPSingleBlanket_east.png
		Textures\Things\Building\RIMkea\KRUDNEPPSingleBlanket_eastm.png = Textures\Things\Building\RIMkea\KRUDNEPPSingleBlanket_eastm.png
		Textures\Things\Building\RIMkea\KRUDNEPPSingleBlanket_north.png = Textures\Things\Building\RIMkea\KRUDNEPPSingleBlanket_north.png
		Textures\Things\Building\RIMkea\KRUDNEPPSingleBlanket_northm.png = Textures\Things\Building\RIMkea\KRUDNEPPSingleBlanket_northm.png
		Textures\Things\Building\RIMkea\KRUDNEPPSingleBlanket_south.png = Textures\Things\Building\RIMkea\KRUDNEPPSingleBlanket_south.png
		Textures\Things\Building\RIMkea\KRUDNEPPSingleBlanket_southm.png = Textures\Things\Building\RIMkea\KRUDNEPPSingleBlanket_southm.png
		Textures\Things\Building\RIMkea\SLABNEPPDouble_east.png = Textures\Things\Building\RIMkea\SLABNEPPDouble_east.png
		Textures\Things\Building\RIMkea\SLABNEPPDouble_eastm.png = Textures\Things\Building\RIMkea\SLABNEPPDouble_eastm.png
		Textures\Things\Building\RIMkea\SLABNEPPDouble_north.png = Textures\Things\Building\RIMkea\SLABNEPPDouble_north.png
		Textures\Things\Building\RIMkea\SLABNEPPDouble_northm.png = Textures\Things\Building\RIMkea\SLABNEPPDouble_northm.png
		Textures\Things\Building\RIMkea\SLABNEPPDouble_south.png = Textures\Things\Building\RIMkea\SLABNEPPDouble_south.png
		Textures\Things\Building\RIMkea\SLABNEPPDouble_southm.png = Textures\Things\Building\RIMkea\SLABNEPPDouble_southm.png
		Textures\Things\Building\RIMkea\SLABNEPPDoubleBlanket_east.png = Textures\Things\Building\RIMkea\SLABNEPPDoubleBlanket_east.png
		Textures\Things\Building\RIMkea\SLABNEPPDoubleBlanket_eastm.png = Textures\Things\Building\RIMkea\SLABNEPPDoubleBlanket_eastm.png
		Textures\Things\Building\RIMkea\SLABNEPPDoubleBlanket_north.png = Textures\Things\Building\RIMkea\SLABNEPPDoubleBlanket_north.png
		Textures\Things\Building\RIMkea\SLABNEPPDoubleBlanket_northm.png = Textures\Things\Building\RIMkea\SLABNEPPDoubleBlanket_northm.png
		Textures\Things\Building\RIMkea\SLABNEPPDoubleBlanket_south.png = Textures\Things\Building\RIMkea\SLABNEPPDoubleBlanket_south.png
		Textures\Things\Building\RIMkea\SLABNEPPDoubleBlanket_southm.png = Textures\Things\Building\RIMkea\SLABNEPPDoubleBlanket_southm.png
		Textures\Things\Building\RIMkea\SNOREGGDouble_east.png = Textures\Things\Building\RIMkea\SNOREGGDouble_east.png
		Textures\Things\Building\RIMkea\SNOREGGDouble_eastm.png = Textures\Things\Building\RIMkea\SNOREGGDouble_eastm.png
		Textures\Things\Building\RIMkea\SNOREGGDouble_north.png = Textures\Things\Building\RIMkea\SNOREGGDouble_north.png
		Textures\Things\Building\RIMkea\SNOREGGDouble_northm.png = Textures\Things\Building\RIMkea\SNOREGGDouble_northm.png
		Textures\Things\Building\RIMkea\SNOREGGDouble_south.png = Textures\Things\Building\RIMkea\SNOREGGDouble_south.png
		Textures\Things\Building\RIMkea\SNOREGGDouble_southm.png = Textures\Things\Building\RIMkea\SNOREGGDouble_southm.png
		Textures\Things\Building\RIMkea\SNOREGGDoubleBlanket_east.png = Textures\Things\Building\RIMkea\SNOREGGDoubleBlanket_east.png
		Textures\Things\Building\RIMkea\SNOREGGDoubleBlanket_eastm.png = Textures\Things\Building\RIMkea\SNOREGGDoubleBlanket_eastm.png
		Textures\Things\Building\RIMkea\SNOREGGDoubleBlanket_north.png = Textures\Things\Building\RIMkea\SNOREGGDoubleBlanket_north.png
		Textures\Things\Building\RIMkea\SNOREGGDoubleBlanket_northm.png = Textures\Things\Building\RIMkea\SNOREGGDoubleBlanket_northm.png
		Textures\Things\Building\RIMkea\SNOREGGDoubleBlanket_south.png = Textures\Things\Building\RIMkea\SNOREGGDoubleBlanket_south.png
		Textures\Things\Building\RIMkea\SNOREGGDoubleBlanket_southm.png = Textures\Things\Building\RIMkea\SNOREGGDoubleBlanket_southm.png
		Textures\Things\Building\RIMkea\SNOREGGSingle_east.png = Textures\Things\Building\RIMkea\SNOREGGSingle_east.png
		Textures\Things\Building\RIMkea\SNOREGGSingle_eastm.png = Textures\Things\Building\RIMkea\SNOREGGSingle_eastm.png
		Textures\Things\Building\RIMkea\SNOREGGSingle_north.png = Textures\Things\Building\RIMkea\SNOREGGSingle_north.png
		Textures\Things\Building\RIMkea\SNOREGGSingle_northm.png = Textures\Things\Building\RIMkea\SNOREGGSingle_northm.png
		Textures\Things\Building\RIMkea\SNOREGGSingle_south.png = Textures\Things\Building\RIMkea\SNOREGGSingle_south.png
		Textures\Things\Building\RIMkea\SNOREGGSingle_southm.png = Textures\Things\Building\RIMkea\SNOREGGSingle_southm.png
		Textures\Things\Building\RIMkea\SNOREGGSingleBlanket_east.png = Textures\Things\Building\RIMkea\SNOREGGSingleBlanket_east.png
		Textures\Things\Building\RIMkea\SNOREGGSingleBlanket_eastm.png = Textures\Things\Building\RIMkea\SNOREGGSingleBlanket_eastm.png
		Textures\Things\Building\RIMkea\SNOREGGSingleBlanket_north.png = Textures\Things\Building\RIMkea\SNOREGGSingleBlanket_north.png
		Textures\Things\Building\RIMkea\SNOREGGSingleBlanket_northm.png = Textures\Things\Building\RIMkea\SNOREGGSingleBlanket_northm.png
		Textures\Things\Building\RIMkea\SNOREGGSingleBlanket_south.png = Textures\Things\Building\RIMkea\SNOREGGSingleBlanket_south.png
		Textures\Things\Building\RIMkea\SNOREGGSingleBlanket_southm.png = Textures\Things\Building\RIMkea\SNOREGGSingleBlanket_southm.png
	EndProjectSection
EndProject
Project("{2150E333-8FDC-42A3-9474-1A3956D46DE8}") = "VanillaFurnitureExpanded", "VanillaFurnitureExpanded", "{964EBF8F-3FF9-4FE3-9EB3-A92AC1F939D9}"
	ProjectSection(SolutionItems) = preProject
		Textures\Things\Building\VanillaFurnitureExpanded\AdvancedBed_east.png = Textures\Things\Building\VanillaFurnitureExpanded\AdvancedBed_east.png
		Textures\Things\Building\VanillaFurnitureExpanded\AdvancedBed_eastm.png = Textures\Things\Building\VanillaFurnitureExpanded\AdvancedBed_eastm.png
		Textures\Things\Building\VanillaFurnitureExpanded\AdvancedBed_north.png = Textures\Things\Building\VanillaFurnitureExpanded\AdvancedBed_north.png
		Textures\Things\Building\VanillaFurnitureExpanded\AdvancedBed_northm.png = Textures\Things\Building\VanillaFurnitureExpanded\AdvancedBed_northm.png
		Textures\Things\Building\VanillaFurnitureExpanded\AdvancedBed_south.png = Textures\Things\Building\VanillaFurnitureExpanded\AdvancedBed_south.png
		Textures\Things\Building\VanillaFurnitureExpanded\AdvancedBed_southm.png = Textures\Things\Building\VanillaFurnitureExpanded\AdvancedBed_southm.png
		Textures\Things\Building\VanillaFurnitureExpanded\AdvancedBedBlanket_east.png = Textures\Things\Building\VanillaFurnitureExpanded\AdvancedBedBlanket_east.png
		Textures\Things\Building\VanillaFurnitureExpanded\AdvancedBedBlanket_eastm.png = Textures\Things\Building\VanillaFurnitureExpanded\AdvancedBedBlanket_eastm.png
		Textures\Things\Building\VanillaFurnitureExpanded\AdvancedBedBlanket_north.png = Textures\Things\Building\VanillaFurnitureExpanded\AdvancedBedBlanket_north.png
		Textures\Things\Building\VanillaFurnitureExpanded\AdvancedBedBlanket_northm.png = Textures\Things\Building\VanillaFurnitureExpanded\AdvancedBedBlanket_northm.png
		Textures\Things\Building\VanillaFurnitureExpanded\AdvancedBedBlanket_south.png = Textures\Things\Building\VanillaFurnitureExpanded\AdvancedBedBlanket_south.png
		Textures\Things\Building\VanillaFurnitureExpanded\AdvancedBedBlanket_southm.png = Textures\Things\Building\VanillaFurnitureExpanded\AdvancedBedBlanket_southm.png
		Textures\Things\Building\VanillaFurnitureExpanded\AdvancedBedDouble_east.png = Textures\Things\Building\VanillaFurnitureExpanded\AdvancedBedDouble_east.png
		Textures\Things\Building\VanillaFurnitureExpanded\AdvancedBedDouble_eastm.png = Textures\Things\Building\VanillaFurnitureExpanded\AdvancedBedDouble_eastm.png
		Textures\Things\Building\VanillaFurnitureExpanded\AdvancedBedDouble_north.png = Textures\Things\Building\VanillaFurnitureExpanded\AdvancedBedDouble_north.png
		Textures\Things\Building\VanillaFurnitureExpanded\AdvancedBedDouble_northm.png = Textures\Things\Building\VanillaFurnitureExpanded\AdvancedBedDouble_northm.png
		Textures\Things\Building\VanillaFurnitureExpanded\AdvancedBedDouble_south.png = Textures\Things\Building\VanillaFurnitureExpanded\AdvancedBedDouble_south.png
		Textures\Things\Building\VanillaFurnitureExpanded\AdvancedBedDouble_southm.png = Textures\Things\Building\VanillaFurnitureExpanded\AdvancedBedDouble_southm.png
		Textures\Things\Building\VanillaFurnitureExpanded\AdvancedBedDoubleBlanket_east.png = Textures\Things\Building\VanillaFurnitureExpanded\AdvancedBedDoubleBlanket_east.png
		Textures\Things\Building\VanillaFurnitureExpanded\AdvancedBedDoubleBlanket_eastm.png = Textures\Things\Building\VanillaFurnitureExpanded\AdvancedBedDoubleBlanket_eastm.png
		Textures\Things\Building\VanillaFurnitureExpanded\AdvancedBedDoubleBlanket_north.png = Textures\Things\Building\VanillaFurnitureExpanded\AdvancedBedDoubleBlanket_north.png
		Textures\Things\Building\VanillaFurnitureExpanded\AdvancedBedDoubleBlanket_northm.png = Textures\Things\Building\VanillaFurnitureExpanded\AdvancedBedDoubleBlanket_northm.png
		Textures\Things\Building\VanillaFurnitureExpanded\AdvancedBedDoubleBlanket_south.png = Textures\Things\Building\VanillaFurnitureExpanded\AdvancedBedDoubleBlanket_south.png
		Textures\Things\Building\VanillaFurnitureExpanded\AdvancedBedDoubleBlanket_southm.png = Textures\Things\Building\VanillaFurnitureExpanded\AdvancedBedDoubleBlanket_southm.png
		Textures\Things\Building\VanillaFurnitureExpanded\KingsizeBed_east.png = Textures\Things\Building\VanillaFurnitureExpanded\KingsizeBed_east.png
		Textures\Things\Building\VanillaFurnitureExpanded\KingsizeBed_eastm.png = Textures\Things\Building\VanillaFurnitureExpanded\KingsizeBed_eastm.png
		Textures\Things\Building\VanillaFurnitureExpanded\KingsizeBed_north.png = Textures\Things\Building\VanillaFurnitureExpanded\KingsizeBed_north.png
		Textures\Things\Building\VanillaFurnitureExpanded\KingsizeBed_northm.png = Textures\Things\Building\VanillaFurnitureExpanded\KingsizeBed_northm.png
		Textures\Things\Building\VanillaFurnitureExpanded\KingsizeBed_south.png = Textures\Things\Building\VanillaFurnitureExpanded\KingsizeBed_south.png
		Textures\Things\Building\VanillaFurnitureExpanded\KingsizeBed_southm.png = Textures\Things\Building\VanillaFurnitureExpanded\KingsizeBed_southm.png
		Textures\Things\Building\VanillaFurnitureExpanded\KingsizeBedBlanket_east.png = Textures\Things\Building\VanillaFurnitureExpanded\KingsizeBedBlanket_east.png
		Textures\Things\Building\VanillaFurnitureExpanded\KingsizeBedBlanket_eastm.png = Textures\Things\Building\VanillaFurnitureExpanded\KingsizeBedBlanket_eastm.png
		Textures\Things\Building\VanillaFurnitureExpanded\KingsizeBedBlanket_north.png = Textures\Things\Building\VanillaFurnitureExpanded\KingsizeBedBlanket_north.png
		Textures\Things\Building\VanillaFurnitureExpanded\KingsizeBedBlanket_northm.png = Textures\Things\Building\VanillaFurnitureExpanded\KingsizeBedBlanket_northm.png
		Textures\Things\Building\VanillaFurnitureExpanded\KingsizeBedBlanket_south.png = Textures\Things\Building\VanillaFurnitureExpanded\KingsizeBedBlanket_south.png
		Textures\Things\Building\VanillaFurnitureExpanded\KingsizeBedBlanket_southm.png = Textures\Things\Building\VanillaFurnitureExpanded\KingsizeBedBlanket_southm.png
		Textures\Things\Building\VanillaFurnitureExpanded\SpacerBed_east.png = Textures\Things\Building\VanillaFurnitureExpanded\SpacerBed_east.png
		Textures\Things\Building\VanillaFurnitureExpanded\SpacerBed_eastm.png = Textures\Things\Building\VanillaFurnitureExpanded\SpacerBed_eastm.png
		Textures\Things\Building\VanillaFurnitureExpanded\SpacerBed_north.png = Textures\Things\Building\VanillaFurnitureExpanded\SpacerBed_north.png
		Textures\Things\Building\VanillaFurnitureExpanded\SpacerBed_northm.png = Textures\Things\Building\VanillaFurnitureExpanded\SpacerBed_northm.png
		Textures\Things\Building\VanillaFurnitureExpanded\SpacerBed_south.png = Textures\Things\Building\VanillaFurnitureExpanded\SpacerBed_south.png
		Textures\Things\Building\VanillaFurnitureExpanded\SpacerBed_southm.png = Textures\Things\Building\VanillaFurnitureExpanded\SpacerBed_southm.png
		Textures\Things\Building\VanillaFurnitureExpanded\SpacerBedBlanket_east.png = Textures\Things\Building\VanillaFurnitureExpanded\SpacerBedBlanket_east.png
		Textures\Things\Building\VanillaFurnitureExpanded\SpacerBedBlanket_eastm.png = Textures\Things\Building\VanillaFurnitureExpanded\SpacerBedBlanket_eastm.png
		Textures\Things\Building\VanillaFurnitureExpanded\SpacerBedBlanket_north.png = Textures\Things\Building\VanillaFurnitureExpanded\SpacerBedBlanket_north.png
		Textures\Things\Building\VanillaFurnitureExpanded\SpacerBedBlanket_northm.png = Textures\Things\Building\VanillaFurnitureExpanded\SpacerBedBlanket_northm.png
		Textures\Things\Building\VanillaFurnitureExpanded\SpacerBedBlanket_south.png = Textures\Things\Building\VanillaFurnitureExpanded\SpacerBedBlanket_south.png
		Textures\Things\Building\VanillaFurnitureExpanded\SpacerBedBlanket_southm.png = Textures\Things\Building\VanillaFurnitureExpanded\SpacerBedBlanket_southm.png
		Textures\Things\Building\VanillaFurnitureExpanded\SpacerDoubleBed_east.png = Textures\Things\Building\VanillaFurnitureExpanded\SpacerDoubleBed_east.png
		Textures\Things\Building\VanillaFurnitureExpanded\SpacerDoubleBed_eastm.png = Textures\Things\Building\VanillaFurnitureExpanded\SpacerDoubleBed_eastm.png
		Textures\Things\Building\VanillaFurnitureExpanded\SpacerDoubleBed_north.png = Textures\Things\Building\VanillaFurnitureExpanded\SpacerDoubleBed_north.png
		Textures\Things\Building\VanillaFurnitureExpanded\SpacerDoubleBed_northm.png = Textures\Things\Building\VanillaFurnitureExpanded\SpacerDoubleBed_northm.png
		Textures\Things\Building\VanillaFurnitureExpanded\SpacerDoubleBed_south.png = Textures\Things\Building\VanillaFurnitureExpanded\SpacerDoubleBed_south.png
		Textures\Things\Building\VanillaFurnitureExpanded\SpacerDoubleBed_southm.png = Textures\Things\Building\VanillaFurnitureExpanded\SpacerDoubleBed_southm.png
		Textures\Things\Building\VanillaFurnitureExpanded\SpacerDoubleBedBlanket_east.png = Textures\Things\Building\VanillaFurnitureExpanded\SpacerDoubleBedBlanket_east.png
		Textures\Things\Building\VanillaFurnitureExpanded\SpacerDoubleBedBlanket_eastm.png = Textures\Things\Building\VanillaFurnitureExpanded\SpacerDoubleBedBlanket_eastm.png
		Textures\Things\Building\VanillaFurnitureExpanded\SpacerDoubleBedBlanket_north.png = Textures\Things\Building\VanillaFurnitureExpanded\SpacerDoubleBedBlanket_north.png
		Textures\Things\Building\VanillaFurnitureExpanded\SpacerDoubleBedBlanket_northm.png = Textures\Things\Building\VanillaFurnitureExpanded\SpacerDoubleBedBlanket_northm.png
		Textures\Things\Building\VanillaFurnitureExpanded\SpacerDoubleBedBlanket_south.png = Textures\Things\Building\VanillaFurnitureExpanded\SpacerDoubleBedBlanket_south.png
		Textures\Things\Building\VanillaFurnitureExpanded\SpacerDoubleBedBlanket_southm.png = Textures\Things\Building\VanillaFurnitureExpanded\SpacerDoubleBedBlanket_southm.png
	EndProjectSection
EndProject
Project("{2150E333-8FDC-42A3-9474-1A3956D46DE8}") = "VFEVikings", "VFEVikings", "{3CF50FE2-38D0-4E6C-A037-87BE8CF9B2D3}"
	ProjectSection(SolutionItems) = preProject
		Textures\Things\Building\VFEVikings\DoubleFurBed_east.png = Textures\Things\Building\VFEVikings\DoubleFurBed_east.png
		Textures\Things\Building\VFEVikings\DoubleFurBed_eastm.png = Textures\Things\Building\VFEVikings\DoubleFurBed_eastm.png
		Textures\Things\Building\VFEVikings\DoubleFurBed_north.png = Textures\Things\Building\VFEVikings\DoubleFurBed_north.png
		Textures\Things\Building\VFEVikings\DoubleFurBed_northm.png = Textures\Things\Building\VFEVikings\DoubleFurBed_northm.png
		Textures\Things\Building\VFEVikings\DoubleFurBed_south.png = Textures\Things\Building\VFEVikings\DoubleFurBed_south.png
		Textures\Things\Building\VFEVikings\DoubleFurBed_southm.png = Textures\Things\Building\VFEVikings\DoubleFurBed_southm.png
		Textures\Things\Building\VFEVikings\DoubleFurBedBlanket_east.png = Textures\Things\Building\VFEVikings\DoubleFurBedBlanket_east.png
		Textures\Things\Building\VFEVikings\DoubleFurBedBlanket_eastm.png = Textures\Things\Building\VFEVikings\DoubleFurBedBlanket_eastm.png
		Textures\Things\Building\VFEVikings\DoubleFurBedBlanket_north.png = Textures\Things\Building\VFEVikings\DoubleFurBedBlanket_north.png
		Textures\Things\Building\VFEVikings\DoubleFurBedBlanket_northm.png = Textures\Things\Building\VFEVikings\DoubleFurBedBlanket_northm.png
		Textures\Things\Building\VFEVikings\DoubleFurBedBlanket_south.png = Textures\Things\Building\VFEVikings\DoubleFurBedBlanket_south.png
		Textures\Things\Building\VFEVikings\DoubleFurBedBlanket_southm.png = Textures\Things\Building\VFEVikings\DoubleFurBedBlanket_southm.png
		Textures\Things\Building\VFEVikings\FurBed_east.png = Textures\Things\Building\VFEVikings\FurBed_east.png
		Textures\Things\Building\VFEVikings\FurBed_eastm.png = Textures\Things\Building\VFEVikings\FurBed_eastm.png
		Textures\Things\Building\VFEVikings\FurBed_north.png = Textures\Things\Building\VFEVikings\FurBed_north.png
		Textures\Things\Building\VFEVikings\FurBed_northm.png = Textures\Things\Building\VFEVikings\FurBed_northm.png
		Textures\Things\Building\VFEVikings\FurBed_south.png = Textures\Things\Building\VFEVikings\FurBed_south.png
		Textures\Things\Building\VFEVikings\FurBed_southm.png = Textures\Things\Building\VFEVikings\FurBed_southm.png
		Textures\Things\Building\VFEVikings\SingleFurBedBlanket_east.png = Textures\Things\Building\VFEVikings\SingleFurBedBlanket_east.png
		Textures\Things\Building\VFEVikings\SingleFurBedBlanket_eastm.png = Textures\Things\Building\VFEVikings\SingleFurBedBlanket_eastm.png
		Textures\Things\Building\VFEVikings\SingleFurBedBlanket_north.png = Textures\Things\Building\VFEVikings\SingleFurBedBlanket_north.png
		Textures\Things\Building\VFEVikings\SingleFurBedBlanket_northm.png = Textures\Things\Building\VFEVikings\SingleFurBedBlanket_northm.png
		Textures\Things\Building\VFEVikings\SingleFurBedBlanket_south.png = Textures\Things\Building\VFEVikings\SingleFurBedBlanket_south.png
		Textures\Things\Building\VFEVikings\SingleFurBedBlanket_southm.png = Textures\Things\Building\VFEVikings\SingleFurBedBlanket_southm.png
	EndProjectSection
EndProject
Project("{2150E333-8FDC-42A3-9474-1A3956D46DE8}") = "UI", "UI", "{1AC7186C-4E19-40BF-94FE-BE47807F9BC6}"
	ProjectSection(SolutionItems) = preProject
		Textures\UI\beddingDouble.png = Textures\UI\beddingDouble.png
		Textures\UI\beddingSingle.png = Textures\UI\beddingSingle.png
	EndProjectSection
EndProject
Project("{2150E333-8FDC-42A3-9474-1A3956D46DE8}") = "Languages", "Languages", "{052E48FD-06F0-4E67-8E92-39273CBCCC24}"
EndProject
Project("{2150E333-8FDC-42A3-9474-1A3956D46DE8}") = "ChineseSimplified", "ChineseSimplified", "{EF68F543-3D41-4A53-97AC-99A96CBFFDFC}"
EndProject
Project("{2150E333-8FDC-42A3-9474-1A3956D46DE8}") = "DefInjected", "DefInjected", "{0A6E449A-0B0C-4FD7-9D0A-9BE9E8C1C2A8}"
EndProject
Project("{2150E333-8FDC-42A3-9474-1A3956D46DE8}") = "JobDef", "JobDef", "{C4DC851C-FF20-4B4E-B0B5-1E859D3D5AA8}"
	ProjectSection(SolutionItems) = preProject
		Languages\ChineseSimplified\DefInjected\JobDef\Jobs.xml = Languages\ChineseSimplified\DefInjected\JobDef\Jobs.xml
	EndProjectSection
EndProject
Project("{2150E333-8FDC-42A3-9474-1A3956D46DE8}") = "StatDef", "StatDef", "{C956D451-2EB9-4BD6-9651-3DDC249B34DF}"
	ProjectSection(SolutionItems) = preProject
		Languages\ChineseSimplified\DefInjected\StatDef\Stats.xml = Languages\ChineseSimplified\DefInjected\StatDef\Stats.xml
	EndProjectSection
EndProject
Project("{2150E333-8FDC-42A3-9474-1A3956D46DE8}") = "ThingCategoryDef", "ThingCategoryDef", "{55ACA13C-0197-4966-9BA8-77499353695B}"
	ProjectSection(SolutionItems) = preProject
		Languages\ChineseSimplified\DefInjected\ThingCategoryDef\ThingCategories.xml = Languages\ChineseSimplified\DefInjected\ThingCategoryDef\ThingCategories.xml
	EndProjectSection
EndProject
Project("{2150E333-8FDC-42A3-9474-1A3956D46DE8}") = "ThingDef", "ThingDef", "{46A4982A-52E0-4B46-B3C3-EFA6A38C3F67}"
	ProjectSection(SolutionItems) = preProject
		Languages\ChineseSimplified\DefInjected\ThingDef\Things.xml = Languages\ChineseSimplified\DefInjected\ThingDef\Things.xml
	EndProjectSection
EndProject
Project("{2150E333-8FDC-42A3-9474-1A3956D46DE8}") = "WorkGiverDef", "WorkGiverDef", "{36E7CA98-6165-4CFC-B640-0E48AF5D5CA9}"
	ProjectSection(SolutionItems) = preProject
		Languages\ChineseSimplified\DefInjected\WorkGiverDef\WorkGiver.xml = Languages\ChineseSimplified\DefInjected\WorkGiverDef\WorkGiver.xml
	EndProjectSection
EndProject
Project("{2150E333-8FDC-42A3-9474-1A3956D46DE8}") = "Keyed", "Keyed", "{9DE48F0E-8937-4125-84EE-DBE0784350C1}"
	ProjectSection(SolutionItems) = preProject
		Languages\ChineseSimplified\Keyed\SoftWarmBeds_keys.xml = Languages\ChineseSimplified\Keyed\SoftWarmBeds_keys.xml
	EndProjectSection
EndProject
Project("{2150E333-8FDC-42A3-9474-1A3956D46DE8}") = "ChineseTraditional", "ChineseTraditional", "{8A2BEEF7-25FC-4EBD-B2EA-2C34A3E6FB2E}"
EndProject
Project("{2150E333-8FDC-42A3-9474-1A3956D46DE8}") = "DefInjected", "DefInjected", "{28AAA0B4-7319-4CB4-804C-2EFDC0BE506C}"
EndProject
Project("{2150E333-8FDC-42A3-9474-1A3956D46DE8}") = "JobDef", "JobDef", "{341E56E9-65D1-4270-BA0D-F90D1290569E}"
	ProjectSection(SolutionItems) = preProject
		Languages\ChineseTraditional\DefInjected\JobDef\Jobs.xml = Languages\ChineseTraditional\DefInjected\JobDef\Jobs.xml
	EndProjectSection
EndProject
Project("{2150E333-8FDC-42A3-9474-1A3956D46DE8}") = "StatDef", "StatDef", "{CCE4F26F-5FF2-47AA-902C-3341112DCEB1}"
	ProjectSection(SolutionItems) = preProject
		Languages\ChineseTraditional\DefInjected\StatDef\Stats.xml = Languages\ChineseTraditional\DefInjected\StatDef\Stats.xml
	EndProjectSection
EndProject
Project("{2150E333-8FDC-42A3-9474-1A3956D46DE8}") = "ThingCategoryDef", "ThingCategoryDef", "{B426289C-0200-42D1-9710-4C04B1FAB78D}"
	ProjectSection(SolutionItems) = preProject
		Languages\ChineseTraditional\DefInjected\ThingCategoryDef\ThingCategories.xml = Languages\ChineseTraditional\DefInjected\ThingCategoryDef\ThingCategories.xml
	EndProjectSection
EndProject
Project("{2150E333-8FDC-42A3-9474-1A3956D46DE8}") = "ThingDef", "ThingDef", "{CCDD9B60-9410-4D43-B60D-BC5ECC9E62AF}"
	ProjectSection(SolutionItems) = preProject
		Languages\ChineseTraditional\DefInjected\ThingDef\Things.xml = Languages\ChineseTraditional\DefInjected\ThingDef\Things.xml
	EndProjectSection
EndProject
Project("{2150E333-8FDC-42A3-9474-1A3956D46DE8}") = "WorkGiverDef", "WorkGiverDef", "{2AD14939-59A5-47FC-9A0D-56C84EA6C1F1}"
	ProjectSection(SolutionItems) = preProject
		Languages\ChineseTraditional\DefInjected\WorkGiverDef\WorkGiver.xml = Languages\ChineseTraditional\DefInjected\WorkGiverDef\WorkGiver.xml
	EndProjectSection
EndProject
Project("{2150E333-8FDC-42A3-9474-1A3956D46DE8}") = "Keyed", "Keyed", "{E00DD220-535C-4578-ACAA-267D95D0B958}"
	ProjectSection(SolutionItems) = preProject
		Languages\ChineseTraditional\Keyed\SoftWarmBeds_keys.xml = Languages\ChineseTraditional\Keyed\SoftWarmBeds_keys.xml
	EndProjectSection
EndProject
Project("{2150E333-8FDC-42A3-9474-1A3956D46DE8}") = "English", "English", "{BB51E9B0-1A1C-437A-84C0-6837866DCE37}"
EndProject
Project("{2150E333-8FDC-42A3-9474-1A3956D46DE8}") = "Keyed", "Keyed", "{7E720855-4876-482F-AE43-F0093D174F36}"
	ProjectSection(SolutionItems) = preProject
		Languages\English\Keyed\SoftWarmBeds_keys.xml = Languages\English\Keyed\SoftWarmBeds_keys.xml
	EndProjectSection
EndProject
Project("{2150E333-8FDC-42A3-9474-1A3956D46DE8}") = "Italian", "Italian", "{0DD6D950-3BA8-4A63-A0C7-5E9B81DC1627}"
EndProject
Project("{2150E333-8FDC-42A3-9474-1A3956D46DE8}") = "DefInjected", "DefInjected", "{04CF0343-B0BB-4A62-9DD3-7AD746104376}"
EndProject
Project("{2150E333-8FDC-42A3-9474-1A3956D46DE8}") = "JobDef", "JobDef", "{3602F421-8239-42F0-AFB3-47CD185F2529}"
	ProjectSection(SolutionItems) = preProject
		Languages\Italian\DefInjected\JobDef\TranslateJobs.xml = Languages\Italian\DefInjected\JobDef\TranslateJobs.xml
	EndProjectSection
EndProject
Project("{2150E333-8FDC-42A3-9474-1A3956D46DE8}") = "StatDef", "StatDef", "{8F5FD90D-EF5B-4064-BC55-6006707ADABD}"
	ProjectSection(SolutionItems) = preProject
		Languages\Italian\DefInjected\StatDef\TranslateStats.xml = Languages\Italian\DefInjected\StatDef\TranslateStats.xml
	EndProjectSection
EndProject
Project("{2150E333-8FDC-42A3-9474-1A3956D46DE8}") = "ThingCategoryDef", "ThingCategoryDef", "{3ECBA9D7-68D1-4708-94FC-A1231AF492F9}"
	ProjectSection(SolutionItems) = preProject
		Languages\Italian\DefInjected\ThingCategoryDef\TranslateThingCategories.xml = Languages\Italian\DefInjected\ThingCategoryDef\TranslateThingCategories.xml
	EndProjectSection
EndProject
Project("{2150E333-8FDC-42A3-9474-1A3956D46DE8}") = "ThingDef", "ThingDef", "{C3307C76-FEA7-4FD6-8DE2-A32FE0DE163E}"
	ProjectSection(SolutionItems) = preProject
		Languages\Italian\DefInjected\ThingDef\TranslateThings.xml = Languages\Italian\DefInjected\ThingDef\TranslateThings.xml
	EndProjectSection
EndProject
Project("{2150E333-8FDC-42A3-9474-1A3956D46DE8}") = "WorkGiverDef", "WorkGiverDef", "{5B3433D4-C31B-44FD-844A-BB16D9E625E7}"
	ProjectSection(SolutionItems) = preProject
		Languages\Italian\DefInjected\WorkGiverDef\TranslateWorkGiver.xml = Languages\Italian\DefInjected\WorkGiverDef\TranslateWorkGiver.xml
	EndProjectSection
EndProject
Project("{2150E333-8FDC-42A3-9474-1A3956D46DE8}") = "Keyed", "Keyed", "{72A9548E-B8AE-44D9-A6A9-74B748FA603F}"
	ProjectSection(SolutionItems) = preProject
		Languages\Italian\Keyed\SoftWarmBeds_keys.xml = Languages\Italian\Keyed\SoftWarmBeds_keys.xml
	EndProjectSection
EndProject
Project("{2150E333-8FDC-42A3-9474-1A3956D46DE8}") = "Japanese", "Japanese", "{8BA56197-64A3-4565-BA02-DE6E8AF21290}"
EndProject
Project("{2150E333-8FDC-42A3-9474-1A3956D46DE8}") = "DefInjected", "DefInjected", "{ECD1284C-D3B4-4D70-8F82-7A20D353115D}"
EndProject
Project("{2150E333-8FDC-42A3-9474-1A3956D46DE8}") = "JobDef", "JobDef", "{F5ECA0F0-E69D-468C-9C82-F7DD80F0DBC1}"
	ProjectSection(SolutionItems) = preProject
		Languages\Japanese\DefInjected\JobDef\Jobs.xml = Languages\Japanese\DefInjected\JobDef\Jobs.xml
	EndProjectSection
EndProject
Project("{2150E333-8FDC-42A3-9474-1A3956D46DE8}") = "StatDef", "StatDef", "{A899CDB8-56EC-4014-90D6-A26A60011D55}"
	ProjectSection(SolutionItems) = preProject
		Languages\Japanese\DefInjected\StatDef\Stats.xml = Languages\Japanese\DefInjected\StatDef\Stats.xml
	EndProjectSection
EndProject
Project("{2150E333-8FDC-42A3-9474-1A3956D46DE8}") = "ThingCategoryDef", "ThingCategoryDef", "{0019CBC3-CAE8-43EF-AA1F-1C8846A15EEE}"
	ProjectSection(SolutionItems) = preProject
		Languages\Japanese\DefInjected\ThingCategoryDef\ThingCategories.xml = Languages\Japanese\DefInjected\ThingCategoryDef\ThingCategories.xml
	EndProjectSection
EndProject
Project("{2150E333-8FDC-42A3-9474-1A3956D46DE8}") = "ThingDef", "ThingDef", "{A58AFC41-A2FE-40FB-AE3F-392FAD5CA131}"
	ProjectSection(SolutionItems) = preProject
		Languages\Japanese\DefInjected\ThingDef\Things.xml = Languages\Japanese\DefInjected\ThingDef\Things.xml
	EndProjectSection
EndProject
Project("{2150E333-8FDC-42A3-9474-1A3956D46DE8}") = "WorkGiverDef", "WorkGiverDef", "{A4577394-8BCD-4B9C-8A80-37B0207C5641}"
	ProjectSection(SolutionItems) = preProject
		Languages\Japanese\DefInjected\WorkGiverDef\WorkGiver.xml = Languages\Japanese\DefInjected\WorkGiverDef\WorkGiver.xml
	EndProjectSection
EndProject
Project("{2150E333-8FDC-42A3-9474-1A3956D46DE8}") = "Keyed", "Keyed", "{44418BDB-7605-4B24-84F6-4227D444640B}"
	ProjectSection(SolutionItems) = preProject
		Languages\Japanese\Keyed\SoftWarmBeds_keys.xml = Languages\Japanese\Keyed\SoftWarmBeds_keys.xml
	EndProjectSection
EndProject
Project("{2150E333-8FDC-42A3-9474-1A3956D46DE8}") = "Portuguese", "Portuguese", "{D56D45E1-778C-4757-8E15-925D9AFEB7D8}"
EndProject
Project("{2150E333-8FDC-42A3-9474-1A3956D46DE8}") = "DefInjected", "DefInjected", "{2883A568-7EE4-4DFA-90C8-61BCB7C2E8F8}"
EndProject
Project("{2150E333-8FDC-42A3-9474-1A3956D46DE8}") = "JobDef", "JobDef", "{D0A9FED3-6591-4BC2-91B3-105F5908E1E6}"
	ProjectSection(SolutionItems) = preProject
		Languages\Portuguese\DefInjected\JobDef\TranslateJobs.xml = Languages\Portuguese\DefInjected\JobDef\TranslateJobs.xml
	EndProjectSection
EndProject
Project("{2150E333-8FDC-42A3-9474-1A3956D46DE8}") = "StatDef", "StatDef", "{AFF23BC6-348D-4F02-ACDC-E33A2196B1CF}"
	ProjectSection(SolutionItems) = preProject
		Languages\Portuguese\DefInjected\StatDef\TranslateStats.xml = Languages\Portuguese\DefInjected\StatDef\TranslateStats.xml
	EndProjectSection
EndProject
Project("{2150E333-8FDC-42A3-9474-1A3956D46DE8}") = "ThingCategoryDef", "ThingCategoryDef", "{4290D0EF-916F-4AF2-A335-115F5D3A2B84}"
	ProjectSection(SolutionItems) = preProject
		Languages\Portuguese\DefInjected\ThingCategoryDef\TranslateThingCategories.xml = Languages\Portuguese\DefInjected\ThingCategoryDef\TranslateThingCategories.xml
	EndProjectSection
EndProject
Project("{2150E333-8FDC-42A3-9474-1A3956D46DE8}") = "ThingDef", "ThingDef", "{9395D9CC-53CE-4DFC-99C9-9D563ABE89A9}"
	ProjectSection(SolutionItems) = preProject
		Languages\Portuguese\DefInjected\ThingDef\TranslateThings.xml = Languages\Portuguese\DefInjected\ThingDef\TranslateThings.xml
	EndProjectSection
EndProject
Project("{2150E333-8FDC-42A3-9474-1A3956D46DE8}") = "WorkGiverDef", "WorkGiverDef", "{06E60A5A-9279-4CEE-B4A6-86090951BC19}"
	ProjectSection(SolutionItems) = preProject
		Languages\Portuguese\DefInjected\WorkGiverDef\TranslateWorkGivers.xml = Languages\Portuguese\DefInjected\WorkGiverDef\TranslateWorkGivers.xml
	EndProjectSection
EndProject
Project("{2150E333-8FDC-42A3-9474-1A3956D46DE8}") = "Keyed", "Keyed", "{8A1B5533-6177-4956-884E-7D77AF2415F5}"
	ProjectSection(SolutionItems) = preProject
		Languages\Portuguese\Keyed\SoftWarmBeds_keys.xml = Languages\Portuguese\Keyed\SoftWarmBeds_keys.xml
	EndProjectSection
EndProject
Project("{2150E333-8FDC-42A3-9474-1A3956D46DE8}") = "PortugueseBrazilian", "PortugueseBrazilian", "{C41BEE6D-F690-4A83-8165-A3E8151149FE}"
EndProject
Project("{2150E333-8FDC-42A3-9474-1A3956D46DE8}") = "DefInjected", "DefInjected", "{76164593-A89B-4F98-B4C9-E3674E342BA6}"
EndProject
Project("{2150E333-8FDC-42A3-9474-1A3956D46DE8}") = "JobDef", "JobDef", "{E95AAA1E-E6AF-4630-81B0-78BD1F0EE3A4}"
	ProjectSection(SolutionItems) = preProject
		Languages\PortugueseBrazilian\DefInjected\JobDef\TranslateJobs.xml = Languages\PortugueseBrazilian\DefInjected\JobDef\TranslateJobs.xml
	EndProjectSection
EndProject
Project("{2150E333-8FDC-42A3-9474-1A3956D46DE8}") = "StatDef", "StatDef", "{6A47DC48-19CF-4B9F-8C10-31434C7E450E}"
	ProjectSection(SolutionItems) = preProject
		Languages\PortugueseBrazilian\DefInjected\StatDef\TranslateStats.xml = Languages\PortugueseBrazilian\DefInjected\StatDef\TranslateStats.xml
	EndProjectSection
EndProject
Project("{2150E333-8FDC-42A3-9474-1A3956D46DE8}") = "ThingCategoryDef", "ThingCategoryDef", "{0668EA04-77CC-471B-A389-0FC973AF3F73}"
	ProjectSection(SolutionItems) = preProject
		Languages\PortugueseBrazilian\DefInjected\ThingCategoryDef\TranslateThingCategories.xml = Languages\PortugueseBrazilian\DefInjected\ThingCategoryDef\TranslateThingCategories.xml
	EndProjectSection
EndProject
Project("{2150E333-8FDC-42A3-9474-1A3956D46DE8}") = "ThingDef", "ThingDef", "{E63035AE-B3D7-4F09-B18B-219CBE4FDE99}"
	ProjectSection(SolutionItems) = preProject
		Languages\PortugueseBrazilian\DefInjected\ThingDef\TranslateThings.xml = Languages\PortugueseBrazilian\DefInjected\ThingDef\TranslateThings.xml
	EndProjectSection
EndProject
Project("{2150E333-8FDC-42A3-9474-1A3956D46DE8}") = "WorkGiverDef", "WorkGiverDef", "{06D3E336-4C25-4A2B-BD8E-9AA36193DB83}"
	ProjectSection(SolutionItems) = preProject
		Languages\PortugueseBrazilian\DefInjected\WorkGiverDef\TranslateWorkGiver.xml = Languages\PortugueseBrazilian\DefInjected\WorkGiverDef\TranslateWorkGiver.xml
	EndProjectSection
EndProject
Project("{2150E333-8FDC-42A3-9474-1A3956D46DE8}") = "Keyed", "Keyed", "{37D7687E-24A3-44DF-926E-6E027B7F0C05}"
	ProjectSection(SolutionItems) = preProject
		Languages\PortugueseBrazilian\Keyed\SoftWarmBeds_keys.xml = Languages\PortugueseBrazilian\Keyed\SoftWarmBeds_keys.xml
	EndProjectSection
EndProject
Project("{2150E333-8FDC-42A3-9474-1A3956D46DE8}") = "Russian", "Russian", "{D744F9D9-03C1-4044-AD7F-94CD62865A35}"
EndProject
Project("{2150E333-8FDC-42A3-9474-1A3956D46DE8}") = "DefInjected", "DefInjected", "{B5DFBB84-A79C-4171-A418-B25B8A22D312}"
EndProject
Project("{2150E333-8FDC-42A3-9474-1A3956D46DE8}") = "JobDef", "JobDef", "{0D52F009-C227-4691-83FB-2265677BC1ED}"
	ProjectSection(SolutionItems) = preProject
		Languages\Russian\DefInjected\JobDef\Jobs.xml = Languages\Russian\DefInjected\JobDef\Jobs.xml
	EndProjectSection
EndProject
Project("{2150E333-8FDC-42A3-9474-1A3956D46DE8}") = "RecipeDef", "RecipeDef", "{01DB82DB-9159-4BD7-8BAF-4383DA40B910}"
	ProjectSection(SolutionItems) = preProject
		Languages\Russian\DefInjected\RecipeDef\Recipes_Add_Make.xml = Languages\Russian\DefInjected\RecipeDef\Recipes_Add_Make.xml
	EndProjectSection
EndProject
Project("{2150E333-8FDC-42A3-9474-1A3956D46DE8}") = "StatDef", "StatDef", "{15B384C7-1453-442A-86E2-A9676BE151B2}"
	ProjectSection(SolutionItems) = preProject
		Languages\Russian\DefInjected\StatDef\Stats.xml = Languages\Russian\DefInjected\StatDef\Stats.xml
	EndProjectSection
EndProject
Project("{2150E333-8FDC-42A3-9474-1A3956D46DE8}") = "ThingCategoryDef", "ThingCategoryDef", "{BB93CC65-F21F-4644-A410-E1DBC6E382DD}"
	ProjectSection(SolutionItems) = preProject
		Languages\Russian\DefInjected\ThingCategoryDef\ThingCategories.xml = Languages\Russian\DefInjected\ThingCategoryDef\ThingCategories.xml
	EndProjectSection
EndProject
Project("{2150E333-8FDC-42A3-9474-1A3956D46DE8}") = "ThingDef", "ThingDef", "{47F20128-0FD7-4194-98E9-A1D63C612036}"
	ProjectSection(SolutionItems) = preProject
		Languages\Russian\DefInjected\ThingDef\Things.xml = Languages\Russian\DefInjected\ThingDef\Things.xml
	EndProjectSection
EndProject
Project("{2150E333-8FDC-42A3-9474-1A3956D46DE8}") = "WorkGiverDef", "WorkGiverDef", "{3408230D-BB04-4F77-8336-20D2FC502256}"
	ProjectSection(SolutionItems) = preProject
		Languages\Russian\DefInjected\WorkGiverDef\WorkGiver.xml = Languages\Russian\DefInjected\WorkGiverDef\WorkGiver.xml
	EndProjectSection
EndProject
Project("{2150E333-8FDC-42A3-9474-1A3956D46DE8}") = "Keyed", "Keyed", "{9D332734-5A15-4DE8-9809-A1F5C4F7299D}"
	ProjectSection(SolutionItems) = preProject
		Languages\Russian\Keyed\SoftWarmBeds_keys.xml = Languages\Russian\Keyed\SoftWarmBeds_keys.xml
	EndProjectSection
EndProject
Project("{2150E333-8FDC-42A3-9474-1A3956D46DE8}") = "SpanishLatin", "SpanishLatin", "{A5265470-A09B-482E-83C9-D8CE03067E20}"
EndProject
Project("{2150E333-8FDC-42A3-9474-1A3956D46DE8}") = "DefInjected", "DefInjected", "{E690FA5A-8D8A-41F9-A932-204B6EACAF9E}"
EndProject
Project("{2150E333-8FDC-42A3-9474-1A3956D46DE8}") = "JobDef", "JobDef", "{BC89E11B-19BF-4C2F-8283-F656A4A8CB52}"
	ProjectSection(SolutionItems) = preProject
		Languages\SpanishLatin\DefInjected\JobDef\Jobs.xml = Languages\SpanishLatin\DefInjected\JobDef\Jobs.xml
	EndProjectSection
EndProject
Project("{2150E333-8FDC-42A3-9474-1A3956D46DE8}") = "RecipeDef", "RecipeDef", "{67752720-C3B1-49C2-9A72-B775474E2F77}"
	ProjectSection(SolutionItems) = preProject
		Languages\SpanishLatin\DefInjected\RecipeDef\Recipes_Add_Make.xml = Languages\SpanishLatin\DefInjected\RecipeDef\Recipes_Add_Make.xml
	EndProjectSection
EndProject
Project("{2150E333-8FDC-42A3-9474-1A3956D46DE8}") = "StatDef", "StatDef", "{A2DCDD6F-9AB4-43EB-A21C-8B1677C7341C}"
	ProjectSection(SolutionItems) = preProject
		Languages\SpanishLatin\DefInjected\StatDef\Stats.xml = Languages\SpanishLatin\DefInjected\StatDef\Stats.xml
	EndProjectSection
EndProject
Project("{2150E333-8FDC-42A3-9474-1A3956D46DE8}") = "ThingCategoryDef", "ThingCategoryDef", "{A3B66C52-4732-43CB-893A-E1776DA142BC}"
	ProjectSection(SolutionItems) = preProject
		Languages\SpanishLatin\DefInjected\ThingCategoryDef\ThingCategories.xml = Languages\SpanishLatin\DefInjected\ThingCategoryDef\ThingCategories.xml
	EndProjectSection
EndProject
Project("{2150E333-8FDC-42A3-9474-1A3956D46DE8}") = "ThingDef", "ThingDef", "{88833AFD-C00D-4696-9E51-F0AF70CA24B6}"
	ProjectSection(SolutionItems) = preProject
		Languages\SpanishLatin\DefInjected\ThingDef\Defs_GloomyFurniture.xml = Languages\SpanishLatin\DefInjected\ThingDef\Defs_GloomyFurniture.xml
		Languages\SpanishLatin\DefInjected\ThingDef\Defs_RIMkea.xml = Languages\SpanishLatin\DefInjected\ThingDef\Defs_RIMkea.xml
		Languages\SpanishLatin\DefInjected\ThingDef\Defs_VanillaFurnitureExpanded.xml = Languages\SpanishLatin\DefInjected\ThingDef\Defs_VanillaFurnitureExpanded.xml
		Languages\SpanishLatin\DefInjected\ThingDef\Things.xml = Languages\SpanishLatin\DefInjected\ThingDef\Things.xml
	EndProjectSection
EndProject
Project("{2150E333-8FDC-42A3-9474-1A3956D46DE8}") = "WorkGiverDef", "WorkGiverDef", "{9297628A-052B-426E-BF52-22687EE6E821}"
	ProjectSection(SolutionItems) = preProject
		Languages\SpanishLatin\DefInjected\WorkGiverDef\WorkGiver.xml = Languages\SpanishLatin\DefInjected\WorkGiverDef\WorkGiver.xml
	EndProjectSection
EndProject
Project("{2150E333-8FDC-42A3-9474-1A3956D46DE8}") = "Keyed", "Keyed", "{22B13E4D-4AE2-4A67-87A4-B1F5053BA2C8}"
	ProjectSection(SolutionItems) = preProject
		Languages\SpanishLatin\Keyed\SoftWarmBeds_keys.xml = Languages\SpanishLatin\Keyed\SoftWarmBeds_keys.xml
	EndProjectSection
EndProject
Global
	GlobalSection(SolutionConfigurationPlatforms) = preSolution
		1.0|Any CPU = 1.0|Any CPU
		Debug|Any CPU = Debug|Any CPU
		Release|Any CPU = Release|Any CPU
	EndGlobalSection
	GlobalSection(ProjectConfigurationPlatforms) = postSolution
		{D7D21B4A-1DA7-41D8-B202-C58CA8FA62AA}.1.0|Any CPU.ActiveCfg = 1.0|Any CPU
		{D7D21B4A-1DA7-41D8-B202-C58CA8FA62AA}.1.0|Any CPU.Build.0 = 1.0|Any CPU
		{D7D21B4A-1DA7-41D8-B202-C58CA8FA62AA}.Debug|Any CPU.ActiveCfg = 1.0|Any CPU
		{D7D21B4A-1DA7-41D8-B202-C58CA8FA62AA}.Debug|Any CPU.Build.0 = 1.0|Any CPU
		{D7D21B4A-1DA7-41D8-B202-C58CA8FA62AA}.Release|Any CPU.ActiveCfg = Release|Any CPU
		{D7D21B4A-1DA7-41D8-B202-C58CA8FA62AA}.Release|Any CPU.Build.0 = Release|Any CPU
	EndGlobalSection
	GlobalSection(SolutionProperties) = preSolution
		HideSolutionNode = FALSE
	EndGlobalSection
	GlobalSection(NestedProjects) = preSolution
		{5F69B790-4B0F-45EF-92F4-FBAB696121BB} = {083E1096-5587-491F-BE8F-0126126B012F}
		{6E030C35-6A0B-47C9-9DFC-59EBA0D02780} = {5F69B790-4B0F-45EF-92F4-FBAB696121BB}
		{420F45EC-2105-4D31-8296-76C7EC371CD5} = {5F69B790-4B0F-45EF-92F4-FBAB696121BB}
		{D3C02DAD-F228-479B-A1EA-81866A6B7077} = {420F45EC-2105-4D31-8296-76C7EC371CD5}
		{DC1C07CC-DD52-45B0-9A37-83AA7B3DF948} = {420F45EC-2105-4D31-8296-76C7EC371CD5}
		{964EBF8F-3FF9-4FE3-9EB3-A92AC1F939D9} = {420F45EC-2105-4D31-8296-76C7EC371CD5}
		{3CF50FE2-38D0-4E6C-A037-87BE8CF9B2D3} = {420F45EC-2105-4D31-8296-76C7EC371CD5}
		{1AC7186C-4E19-40BF-94FE-BE47807F9BC6} = {083E1096-5587-491F-BE8F-0126126B012F}
		{EF68F543-3D41-4A53-97AC-99A96CBFFDFC} = {052E48FD-06F0-4E67-8E92-39273CBCCC24}
		{0A6E449A-0B0C-4FD7-9D0A-9BE9E8C1C2A8} = {EF68F543-3D41-4A53-97AC-99A96CBFFDFC}
		{C4DC851C-FF20-4B4E-B0B5-1E859D3D5AA8} = {0A6E449A-0B0C-4FD7-9D0A-9BE9E8C1C2A8}
		{C956D451-2EB9-4BD6-9651-3DDC249B34DF} = {0A6E449A-0B0C-4FD7-9D0A-9BE9E8C1C2A8}
		{55ACA13C-0197-4966-9BA8-77499353695B} = {0A6E449A-0B0C-4FD7-9D0A-9BE9E8C1C2A8}
		{46A4982A-52E0-4B46-B3C3-EFA6A38C3F67} = {0A6E449A-0B0C-4FD7-9D0A-9BE9E8C1C2A8}
		{36E7CA98-6165-4CFC-B640-0E48AF5D5CA9} = {0A6E449A-0B0C-4FD7-9D0A-9BE9E8C1C2A8}
		{9DE48F0E-8937-4125-84EE-DBE0784350C1} = {EF68F543-3D41-4A53-97AC-99A96CBFFDFC}
		{8A2BEEF7-25FC-4EBD-B2EA-2C34A3E6FB2E} = {052E48FD-06F0-4E67-8E92-39273CBCCC24}
		{28AAA0B4-7319-4CB4-804C-2EFDC0BE506C} = {8A2BEEF7-25FC-4EBD-B2EA-2C34A3E6FB2E}
		{341E56E9-65D1-4270-BA0D-F90D1290569E} = {28AAA0B4-7319-4CB4-804C-2EFDC0BE506C}
		{CCE4F26F-5FF2-47AA-902C-3341112DCEB1} = {28AAA0B4-7319-4CB4-804C-2EFDC0BE506C}
		{B426289C-0200-42D1-9710-4C04B1FAB78D} = {28AAA0B4-7319-4CB4-804C-2EFDC0BE506C}
		{CCDD9B60-9410-4D43-B60D-BC5ECC9E62AF} = {28AAA0B4-7319-4CB4-804C-2EFDC0BE506C}
		{2AD14939-59A5-47FC-9A0D-56C84EA6C1F1} = {28AAA0B4-7319-4CB4-804C-2EFDC0BE506C}
		{E00DD220-535C-4578-ACAA-267D95D0B958} = {8A2BEEF7-25FC-4EBD-B2EA-2C34A3E6FB2E}
		{BB51E9B0-1A1C-437A-84C0-6837866DCE37} = {052E48FD-06F0-4E67-8E92-39273CBCCC24}
		{7E720855-4876-482F-AE43-F0093D174F36} = {BB51E9B0-1A1C-437A-84C0-6837866DCE37}
		{0DD6D950-3BA8-4A63-A0C7-5E9B81DC1627} = {052E48FD-06F0-4E67-8E92-39273CBCCC24}
		{04CF0343-B0BB-4A62-9DD3-7AD746104376} = {0DD6D950-3BA8-4A63-A0C7-5E9B81DC1627}
		{3602F421-8239-42F0-AFB3-47CD185F2529} = {04CF0343-B0BB-4A62-9DD3-7AD746104376}
		{8F5FD90D-EF5B-4064-BC55-6006707ADABD} = {04CF0343-B0BB-4A62-9DD3-7AD746104376}
		{3ECBA9D7-68D1-4708-94FC-A1231AF492F9} = {04CF0343-B0BB-4A62-9DD3-7AD746104376}
		{C3307C76-FEA7-4FD6-8DE2-A32FE0DE163E} = {04CF0343-B0BB-4A62-9DD3-7AD746104376}
		{5B3433D4-C31B-44FD-844A-BB16D9E625E7} = {04CF0343-B0BB-4A62-9DD3-7AD746104376}
		{72A9548E-B8AE-44D9-A6A9-74B748FA603F} = {0DD6D950-3BA8-4A63-A0C7-5E9B81DC1627}
		{8BA56197-64A3-4565-BA02-DE6E8AF21290} = {052E48FD-06F0-4E67-8E92-39273CBCCC24}
		{ECD1284C-D3B4-4D70-8F82-7A20D353115D} = {8BA56197-64A3-4565-BA02-DE6E8AF21290}
		{F5ECA0F0-E69D-468C-9C82-F7DD80F0DBC1} = {ECD1284C-D3B4-4D70-8F82-7A20D353115D}
		{A899CDB8-56EC-4014-90D6-A26A60011D55} = {ECD1284C-D3B4-4D70-8F82-7A20D353115D}
		{0019CBC3-CAE8-43EF-AA1F-1C8846A15EEE} = {ECD1284C-D3B4-4D70-8F82-7A20D353115D}
		{A58AFC41-A2FE-40FB-AE3F-392FAD5CA131} = {ECD1284C-D3B4-4D70-8F82-7A20D353115D}
		{A4577394-8BCD-4B9C-8A80-37B0207C5641} = {ECD1284C-D3B4-4D70-8F82-7A20D353115D}
		{44418BDB-7605-4B24-84F6-4227D444640B} = {8BA56197-64A3-4565-BA02-DE6E8AF21290}
		{D56D45E1-778C-4757-8E15-925D9AFEB7D8} = {052E48FD-06F0-4E67-8E92-39273CBCCC24}
		{2883A568-7EE4-4DFA-90C8-61BCB7C2E8F8} = {D56D45E1-778C-4757-8E15-925D9AFEB7D8}
		{D0A9FED3-6591-4BC2-91B3-105F5908E1E6} = {2883A568-7EE4-4DFA-90C8-61BCB7C2E8F8}
		{AFF23BC6-348D-4F02-ACDC-E33A2196B1CF} = {2883A568-7EE4-4DFA-90C8-61BCB7C2E8F8}
		{4290D0EF-916F-4AF2-A335-115F5D3A2B84} = {2883A568-7EE4-4DFA-90C8-61BCB7C2E8F8}
		{9395D9CC-53CE-4DFC-99C9-9D563ABE89A9} = {2883A568-7EE4-4DFA-90C8-61BCB7C2E8F8}
		{06E60A5A-9279-4CEE-B4A6-86090951BC19} = {2883A568-7EE4-4DFA-90C8-61BCB7C2E8F8}
		{8A1B5533-6177-4956-884E-7D77AF2415F5} = {D56D45E1-778C-4757-8E15-925D9AFEB7D8}
		{C41BEE6D-F690-4A83-8165-A3E8151149FE} = {052E48FD-06F0-4E67-8E92-39273CBCCC24}
		{76164593-A89B-4F98-B4C9-E3674E342BA6} = {C41BEE6D-F690-4A83-8165-A3E8151149FE}
		{E95AAA1E-E6AF-4630-81B0-78BD1F0EE3A4} = {76164593-A89B-4F98-B4C9-E3674E342BA6}
		{6A47DC48-19CF-4B9F-8C10-31434C7E450E} = {76164593-A89B-4F98-B4C9-E3674E342BA6}
		{0668EA04-77CC-471B-A389-0FC973AF3F73} = {76164593-A89B-4F98-B4C9-E3674E342BA6}
		{E63035AE-B3D7-4F09-B18B-219CBE4FDE99} = {76164593-A89B-4F98-B4C9-E3674E342BA6}
		{06D3E336-4C25-4A2B-BD8E-9AA36193DB83} = {76164593-A89B-4F98-B4C9-E3674E342BA6}
		{37D7687E-24A3-44DF-926E-6E027B7F0C05} = {C41BEE6D-F690-4A83-8165-A3E8151149FE}
		{D744F9D9-03C1-4044-AD7F-94CD62865A35} = {052E48FD-06F0-4E67-8E92-39273CBCCC24}
		{B5DFBB84-A79C-4171-A418-B25B8A22D312} = {D744F9D9-03C1-4044-AD7F-94CD62865A35}
		{0D52F009-C227-4691-83FB-2265677BC1ED} = {B5DFBB84-A79C-4171-A418-B25B8A22D312}
		{01DB82DB-9159-4BD7-8BAF-4383DA40B910} = {B5DFBB84-A79C-4171-A418-B25B8A22D312}
		{15B384C7-1453-442A-86E2-A9676BE151B2} = {B5DFBB84-A79C-4171-A418-B25B8A22D312}
		{BB93CC65-F21F-4644-A410-E1DBC6E382DD} = {B5DFBB84-A79C-4171-A418-B25B8A22D312}
		{47F20128-0FD7-4194-98E9-A1D63C612036} = {B5DFBB84-A79C-4171-A418-B25B8A22D312}
		{3408230D-BB04-4F77-8336-20D2FC502256} = {B5DFBB84-A79C-4171-A418-B25B8A22D312}
		{9D332734-5A15-4DE8-9809-A1F5C4F7299D} = {D744F9D9-03C1-4044-AD7F-94CD62865A35}
		{A5265470-A09B-482E-83C9-D8CE03067E20} = {052E48FD-06F0-4E67-8E92-39273CBCCC24}
		{E690FA5A-8D8A-41F9-A932-204B6EACAF9E} = {A5265470-A09B-482E-83C9-D8CE03067E20}
		{BC89E11B-19BF-4C2F-8283-F656A4A8CB52} = {E690FA5A-8D8A-41F9-A932-204B6EACAF9E}
		{67752720-C3B1-49C2-9A72-B775474E2F77} = {E690FA5A-8D8A-41F9-A932-204B6EACAF9E}
		{A2DCDD6F-9AB4-43EB-A21C-8B1677C7341C} = {E690FA5A-8D8A-41F9-A932-204B6EACAF9E}
		{A3B66C52-4732-43CB-893A-E1776DA142BC} = {E690FA5A-8D8A-41F9-A932-204B6EACAF9E}
		{88833AFD-C00D-4696-9E51-F0AF70CA24B6} = {E690FA5A-8D8A-41F9-A932-204B6EACAF9E}
		{9297628A-052B-426E-BF52-22687EE6E821} = {E690FA5A-8D8A-41F9-A932-204B6EACAF9E}
		{22B13E4D-4AE2-4A67-87A4-B1F5053BA2C8} = {A5265470-A09B-482E-83C9-D8CE03067E20}
	EndGlobalSection
	GlobalSection(ExtensibilityGlobals) = postSolution
		SolutionGuid = {28CF9A73-5333-4EB3-BFCC-3FBEDDA19200}
	EndGlobalSection
EndGlobal
