
Microsoft Visual Studio Solution File, Format Version 12.00
# Visual Studio Version 16
VisualStudioVersion = 16.0.29728.190
MinimumVisualStudioVersion = 10.0.40219.1
Project("{FAE04EC0-301F-11D3-BF4B-00C04F79EFBC}") = "SoftWarmBeds", "Source\SoftWarmBeds.csproj", "{D7D21B4A-1DA7-41D8-B202-C58CA8FA62AA}"
EndProject
Project("{2150E333-8FDC-42A3-9474-1A3956D46DE8}") = "About", "About", "{0A658597-EC25-4D13-A2DE-FC17261B7346}"
	ProjectSection(SolutionItems) = preProject
		About\About.xml = About\About.xml
		About\Preview.png = About\Preview.png
		About\PublishedFileId.txt = About\PublishedFileId.txt
		About\Version.xml = About\Version.xml
	EndProjectSection
EndProject
Project("{2150E333-8FDC-42A3-9474-1A3956D46DE8}") = "Defs", "Defs", "{5112442D-F6EE-4658-82D5-C2DCF9CFAB8F}"
	ProjectSection(SolutionItems) = preProject
		Defs\Defs_GloomyFurniture.xml = Defs\Defs_GloomyFurniture.xml
		Defs\Defs_RIMkea.xml = Defs\Defs_RIMkea.xml
		Defs\Defs_VanillaFurnitureExpanded.xml = Defs\Defs_VanillaFurnitureExpanded.xml
		Defs\Jobs.xml = Defs\Jobs.xml
		Defs\Stats.xml = Defs\Stats.xml
		Defs\ThingCategories.xml = Defs\ThingCategories.xml
		Defs\Things.xml = Defs\Things.xml
		Defs\WorkGiver.xml = Defs\WorkGiver.xml
	EndProjectSection
EndProject
Project("{2150E333-8FDC-42A3-9474-1A3956D46DE8}") = "UpdateFeatureDefs", "UpdateFeatureDefs", "{B1487B6E-4833-4A17-B2E8-20AED7181289}"
	ProjectSection(SolutionItems) = preProject
		Defs\UpdateFeatureDefs\UpdateFeatures.xml = Defs\UpdateFeatureDefs\UpdateFeatures.xml
	EndProjectSection
EndProject
Project("{2150E333-8FDC-42A3-9474-1A3956D46DE8}") = "Patches", "Patches", "{24D48765-C33C-4B3D-8E18-4FDB6184A046}"
	ProjectSection(SolutionItems) = preProject
		Patches\Patches.xml = Patches\Patches.xml
		Patches\Patches_BabyAndChildren.xml = Patches\Patches_BabyAndChildren.xml
		Patches\Patches_GloomyFurniture.xml = Patches\Patches_GloomyFurniture.xml
		Patches\Patches_GloomyVanilla.xml = Patches\Patches_GloomyVanilla.xml
		Patches\Patches_NanoRepairTech.xml = Patches\Patches_NanoRepairTech.xml
		Patches\Patches_RiceCultivatingCivilization.xml = Patches\Patches_RiceCultivatingCivilization.xml
		Patches\Patches_RIMkea.xml = Patches\Patches_RIMkea.xml
		Patches\Patches_SparklingWorlds.xml = Patches\Patches_SparklingWorlds.xml
		Patches\Patches_VanillaFurnitureExpanded.xml = Patches\Patches_VanillaFurnitureExpanded.xml
	EndProjectSection
EndProject
Project("{2150E333-8FDC-42A3-9474-1A3956D46DE8}") = "News", "News", "{2EF2EBAD-6419-434A-963F-D0EF22EF4164}"
	ProjectSection(SolutionItems) = preProject
		News\MiyuriMode.png = News\MiyuriMode.png
		News\Quarantine.png = News\Quarantine.png
		News\SoftWarmBeds_UpdateFeatures.xml = News\SoftWarmBeds_UpdateFeatures.xml
	EndProjectSection
EndProject
Project("{2150E333-8FDC-42A3-9474-1A3956D46DE8}") = "Textures", "Textures", "{083E1096-5587-491F-BE8F-0126126B012F}"
EndProject
Project("{2150E333-8FDC-42A3-9474-1A3956D46DE8}") = "Things", "Things", "{5F69B790-4B0F-45EF-92F4-FBAB696121BB}"
EndProject
Project("{2150E333-8FDC-42A3-9474-1A3956D46DE8}") = "Beddings", "Beddings", "{6E030C35-6A0B-47C9-9DFC-59EBA0D02780}"
	ProjectSection(SolutionItems) = preProject
		Textures\Things\Beddings\beddingDouble.png = Textures\Things\Beddings\beddingDouble.png
		Textures\Things\Beddings\beddingSingle.png = Textures\Things\Beddings\beddingSingle.png
		Textures\Things\Beddings\TribalBeddingDouble.png = Textures\Things\Beddings\TribalBeddingDouble.png
		Textures\Things\Beddings\TribalBeddingSingle.png = Textures\Things\Beddings\TribalBeddingSingle.png
	EndProjectSection
EndProject
Project("{2150E333-8FDC-42A3-9474-1A3956D46DE8}") = "Building", "Building", "{420F45EC-2105-4D31-8296-76C7EC371CD5}"
	ProjectSection(SolutionItems) = preProject
		Textures\Things\Building\Bed_east.png = Textures\Things\Building\Bed_east.png
		Textures\Things\Building\Bed_eastm.png = Textures\Things\Building\Bed_eastm.png
		Textures\Things\Building\Bed_north.png = Textures\Things\Building\Bed_north.png
		Textures\Things\Building\Bed_northm.png = Textures\Things\Building\Bed_northm.png
		Textures\Things\Building\Bed_south.png = Textures\Things\Building\Bed_south.png
		Textures\Things\Building\Bed_southm.png = Textures\Things\Building\Bed_southm.png
		Textures\Things\Building\DoubleBed_east.png = Textures\Things\Building\DoubleBed_east.png
		Textures\Things\Building\DoubleBed_eastm.png = Textures\Things\Building\DoubleBed_eastm.png
		Textures\Things\Building\DoubleBed_north.png = Textures\Things\Building\DoubleBed_north.png
		Textures\Things\Building\DoubleBed_northm.png = Textures\Things\Building\DoubleBed_northm.png
		Textures\Things\Building\DoubleBed_south.png = Textures\Things\Building\DoubleBed_south.png
		Textures\Things\Building\DoubleBed_southm.png = Textures\Things\Building\DoubleBed_southm.png
		Textures\Things\Building\DoubleBlanket_east.png = Textures\Things\Building\DoubleBlanket_east.png
		Textures\Things\Building\DoubleBlanket_eastm.png = Textures\Things\Building\DoubleBlanket_eastm.png
		Textures\Things\Building\DoubleBlanket_north.png = Textures\Things\Building\DoubleBlanket_north.png
		Textures\Things\Building\DoubleBlanket_northm.png = Textures\Things\Building\DoubleBlanket_northm.png
		Textures\Things\Building\DoubleBlanket_south.png = Textures\Things\Building\DoubleBlanket_south.png
		Textures\Things\Building\DoubleBlanket_southm.png = Textures\Things\Building\DoubleBlanket_southm.png
		Textures\Things\Building\HospitalBed_east.png = Textures\Things\Building\HospitalBed_east.png
		Textures\Things\Building\HospitalBed_eastm.png = Textures\Things\Building\HospitalBed_eastm.png
		Textures\Things\Building\HospitalBed_north.png = Textures\Things\Building\HospitalBed_north.png
		Textures\Things\Building\HospitalBed_northm.png = Textures\Things\Building\HospitalBed_northm.png
		Textures\Things\Building\HospitalBed_south.png = Textures\Things\Building\HospitalBed_south.png
		Textures\Things\Building\HospitalBed_southm.png = Textures\Things\Building\HospitalBed_southm.png
		Textures\Things\Building\HospitalBlanket_east.png = Textures\Things\Building\HospitalBlanket_east.png
		Textures\Things\Building\HospitalBlanket_eastm.png = Textures\Things\Building\HospitalBlanket_eastm.png
		Textures\Things\Building\HospitalBlanket_north.png = Textures\Things\Building\HospitalBlanket_north.png
		Textures\Things\Building\HospitalBlanket_northm.png = Textures\Things\Building\HospitalBlanket_northm.png
		Textures\Things\Building\HospitalBlanket_south.png = Textures\Things\Building\HospitalBlanket_south.png
		Textures\Things\Building\HospitalBlanket_southm.png = Textures\Things\Building\HospitalBlanket_southm.png
		Textures\Things\Building\Rede_east.png = Textures\Things\Building\Rede_east.png
		Textures\Things\Building\Rede_eastm.png = Textures\Things\Building\Rede_eastm.png
		Textures\Things\Building\Rede_north.png = Textures\Things\Building\Rede_north.png
		Textures\Things\Building\Rede_northm.png = Textures\Things\Building\Rede_northm.png
		Textures\Things\Building\Rede_south.png = Textures\Things\Building\Rede_south.png
		Textures\Things\Building\Rede_southm.png = Textures\Things\Building\Rede_southm.png
		Textures\Things\Building\Rede_west.png = Textures\Things\Building\Rede_west.png
		Textures\Things\Building\Rede_westm.png = Textures\Things\Building\Rede_westm.png
		Textures\Things\Building\RoyalBed_east.png = Textures\Things\Building\RoyalBed_east.png
		Textures\Things\Building\RoyalBed_eastm.png = Textures\Things\Building\RoyalBed_eastm.png
		Textures\Things\Building\RoyalBed_north.png = Textures\Things\Building\RoyalBed_north.png
		Textures\Things\Building\RoyalBed_northm.png = Textures\Things\Building\RoyalBed_northm.png
		Textures\Things\Building\RoyalBed_south.png = Textures\Things\Building\RoyalBed_south.png
		Textures\Things\Building\RoyalBed_southm.png = Textures\Things\Building\RoyalBed_southm.png
		Textures\Things\Building\RoyalBlanket_east.png = Textures\Things\Building\RoyalBlanket_east.png
		Textures\Things\Building\RoyalBlanket_eastm.png = Textures\Things\Building\RoyalBlanket_eastm.png
		Textures\Things\Building\RoyalBlanket_north.png = Textures\Things\Building\RoyalBlanket_north.png
		Textures\Things\Building\RoyalBlanket_northm.png = Textures\Things\Building\RoyalBlanket_northm.png
		Textures\Things\Building\RoyalBlanket_south.png = Textures\Things\Building\RoyalBlanket_south.png
		Textures\Things\Building\RoyalBlanket_southm.png = Textures\Things\Building\RoyalBlanket_southm.png
		Textures\Things\Building\SingleBlanket_east.png = Textures\Things\Building\SingleBlanket_east.png
		Textures\Things\Building\SingleBlanket_eastm.png = Textures\Things\Building\SingleBlanket_eastm.png
		Textures\Things\Building\SingleBlanket_north.png = Textures\Things\Building\SingleBlanket_north.png
		Textures\Things\Building\SingleBlanket_northm.png = Textures\Things\Building\SingleBlanket_northm.png
		Textures\Things\Building\SingleBlanket_south.png = Textures\Things\Building\SingleBlanket_south.png
		Textures\Things\Building\SingleBlanket_southm.png = Textures\Things\Building\SingleBlanket_southm.png
	EndProjectSection
EndProject
Project("{2150E333-8FDC-42A3-9474-1A3956D46DE8}") = "GloomyFurniture", "GloomyFurniture", "{D3C02DAD-F228-479B-A1EA-81866A6B7077}"
	ProjectSection(SolutionItems) = preProject
		Textures\Things\Building\GloomyFurniture\GL_ClassyDoubleBed_east.png = Textures\Things\Building\GloomyFurniture\GL_ClassyDoubleBed_east.png
		Textures\Things\Building\GloomyFurniture\GL_ClassyDoubleBed_eastm.png = Textures\Things\Building\GloomyFurniture\GL_ClassyDoubleBed_eastm.png
		Textures\Things\Building\GloomyFurniture\GL_ClassyDoubleBed_north.png = Textures\Things\Building\GloomyFurniture\GL_ClassyDoubleBed_north.png
		Textures\Things\Building\GloomyFurniture\GL_ClassyDoubleBed_northm.png = Textures\Things\Building\GloomyFurniture\GL_ClassyDoubleBed_northm.png
		Textures\Things\Building\GloomyFurniture\GL_ClassyDoubleBed_south.png = Textures\Things\Building\GloomyFurniture\GL_ClassyDoubleBed_south.png
		Textures\Things\Building\GloomyFurniture\GL_ClassyDoubleBed_southm.png = Textures\Things\Building\GloomyFurniture\GL_ClassyDoubleBed_southm.png
		Textures\Things\Building\GloomyFurniture\GL_ClassyDoubleBlanket_east.png = Textures\Things\Building\GloomyFurniture\GL_ClassyDoubleBlanket_east.png
		Textures\Things\Building\GloomyFurniture\GL_ClassyDoubleBlanket_eastm.png = Textures\Things\Building\GloomyFurniture\GL_ClassyDoubleBlanket_eastm.png
		Textures\Things\Building\GloomyFurniture\GL_ClassyDoubleBlanket_north.png = Textures\Things\Building\GloomyFurniture\GL_ClassyDoubleBlanket_north.png
		Textures\Things\Building\GloomyFurniture\GL_ClassyDoubleBlanket_northm.png = Textures\Things\Building\GloomyFurniture\GL_ClassyDoubleBlanket_northm.png
		Textures\Things\Building\GloomyFurniture\GL_ClassyDoubleBlanket_south.png = Textures\Things\Building\GloomyFurniture\GL_ClassyDoubleBlanket_south.png
		Textures\Things\Building\GloomyFurniture\GL_ClassyDoubleBlanket_southm.png = Textures\Things\Building\GloomyFurniture\GL_ClassyDoubleBlanket_southm.png
		Textures\Things\Building\GloomyFurniture\RGK_bedDouble2_east.png = Textures\Things\Building\GloomyFurniture\RGK_bedDouble2_east.png
		Textures\Things\Building\GloomyFurniture\RGK_bedDouble2_eastm.png = Textures\Things\Building\GloomyFurniture\RGK_bedDouble2_eastm.png
		Textures\Things\Building\GloomyFurniture\RGK_bedDouble2_north.png = Textures\Things\Building\GloomyFurniture\RGK_bedDouble2_north.png
		Textures\Things\Building\GloomyFurniture\RGK_bedDouble2_northm.png = Textures\Things\Building\GloomyFurniture\RGK_bedDouble2_northm.png
		Textures\Things\Building\GloomyFurniture\RGK_bedDouble2_south.png = Textures\Things\Building\GloomyFurniture\RGK_bedDouble2_south.png
		Textures\Things\Building\GloomyFurniture\RGK_bedDouble2_southm.png = Textures\Things\Building\GloomyFurniture\RGK_bedDouble2_southm.png
		Textures\Things\Building\GloomyFurniture\RGK_bedDouble_east.png = Textures\Things\Building\GloomyFurniture\RGK_bedDouble_east.png
		Textures\Things\Building\GloomyFurniture\RGK_bedDouble_eastm.png = Textures\Things\Building\GloomyFurniture\RGK_bedDouble_eastm.png
		Textures\Things\Building\GloomyFurniture\RGK_bedDouble_north.png = Textures\Things\Building\GloomyFurniture\RGK_bedDouble_north.png
		Textures\Things\Building\GloomyFurniture\RGK_bedDouble_northm.png = Textures\Things\Building\GloomyFurniture\RGK_bedDouble_northm.png
		Textures\Things\Building\GloomyFurniture\RGK_bedDouble_south.png = Textures\Things\Building\GloomyFurniture\RGK_bedDouble_south.png
		Textures\Things\Building\GloomyFurniture\RGK_bedDouble_southm.png = Textures\Things\Building\GloomyFurniture\RGK_bedDouble_southm.png
		Textures\Things\Building\GloomyFurniture\RGK_bedSingle2_east.png = Textures\Things\Building\GloomyFurniture\RGK_bedSingle2_east.png
		Textures\Things\Building\GloomyFurniture\RGK_bedSingle2_eastm.png = Textures\Things\Building\GloomyFurniture\RGK_bedSingle2_eastm.png
		Textures\Things\Building\GloomyFurniture\RGK_bedSingle2_north.png = Textures\Things\Building\GloomyFurniture\RGK_bedSingle2_north.png
		Textures\Things\Building\GloomyFurniture\RGK_bedSingle2_northm.png = Textures\Things\Building\GloomyFurniture\RGK_bedSingle2_northm.png
		Textures\Things\Building\GloomyFurniture\RGK_bedSingle2_south.png = Textures\Things\Building\GloomyFurniture\RGK_bedSingle2_south.png
		Textures\Things\Building\GloomyFurniture\RGK_bedSingle2_southm.png = Textures\Things\Building\GloomyFurniture\RGK_bedSingle2_southm.png
		Textures\Things\Building\GloomyFurniture\RGK_bedSingle_east.png = Textures\Things\Building\GloomyFurniture\RGK_bedSingle_east.png
		Textures\Things\Building\GloomyFurniture\RGK_bedSingle_eastm.png = Textures\Things\Building\GloomyFurniture\RGK_bedSingle_eastm.png
		Textures\Things\Building\GloomyFurniture\RGK_bedSingle_north.png = Textures\Things\Building\GloomyFurniture\RGK_bedSingle_north.png
		Textures\Things\Building\GloomyFurniture\RGK_bedSingle_northm.png = Textures\Things\Building\GloomyFurniture\RGK_bedSingle_northm.png
		Textures\Things\Building\GloomyFurniture\RGK_bedSingle_south.png = Textures\Things\Building\GloomyFurniture\RGK_bedSingle_south.png
		Textures\Things\Building\GloomyFurniture\RGK_bedSingle_southm.png = Textures\Things\Building\GloomyFurniture\RGK_bedSingle_southm.png
		Textures\Things\Building\GloomyFurniture\RGK_DoubleBlanket2_east.png = Textures\Things\Building\GloomyFurniture\RGK_DoubleBlanket2_east.png
		Textures\Things\Building\GloomyFurniture\RGK_DoubleBlanket2_eastm.png = Textures\Things\Building\GloomyFurniture\RGK_DoubleBlanket2_eastm.png
		Textures\Things\Building\GloomyFurniture\RGK_DoubleBlanket2_north.png = Textures\Things\Building\GloomyFurniture\RGK_DoubleBlanket2_north.png
		Textures\Things\Building\GloomyFurniture\RGK_DoubleBlanket2_northm.png = Textures\Things\Building\GloomyFurniture\RGK_DoubleBlanket2_northm.png
		Textures\Things\Building\GloomyFurniture\RGK_DoubleBlanket2_south.png = Textures\Things\Building\GloomyFurniture\RGK_DoubleBlanket2_south.png
		Textures\Things\Building\GloomyFurniture\RGK_DoubleBlanket2_southm.png = Textures\Things\Building\GloomyFurniture\RGK_DoubleBlanket2_southm.png
		Textures\Things\Building\GloomyFurniture\RGK_DoubleBlanket_east.png = Textures\Things\Building\GloomyFurniture\RGK_DoubleBlanket_east.png
		Textures\Things\Building\GloomyFurniture\RGK_DoubleBlanket_eastm.png = Textures\Things\Building\GloomyFurniture\RGK_DoubleBlanket_eastm.png
		Textures\Things\Building\GloomyFurniture\RGK_DoubleBlanket_north.png = Textures\Things\Building\GloomyFurniture\RGK_DoubleBlanket_north.png
		Textures\Things\Building\GloomyFurniture\RGK_DoubleBlanket_northm.png = Textures\Things\Building\GloomyFurniture\RGK_DoubleBlanket_northm.png
		Textures\Things\Building\GloomyFurniture\RGK_DoubleBlanket_south.png = Textures\Things\Building\GloomyFurniture\RGK_DoubleBlanket_south.png
		Textures\Things\Building\GloomyFurniture\RGK_DoubleBlanket_southm.png = Textures\Things\Building\GloomyFurniture\RGK_DoubleBlanket_southm.png
		Textures\Things\Building\GloomyFurniture\RGK_SingleBlanket2_east.png = Textures\Things\Building\GloomyFurniture\RGK_SingleBlanket2_east.png
		Textures\Things\Building\GloomyFurniture\RGK_SingleBlanket2_eastm.png = Textures\Things\Building\GloomyFurniture\RGK_SingleBlanket2_eastm.png
		Textures\Things\Building\GloomyFurniture\RGK_SingleBlanket2_north.png = Textures\Things\Building\GloomyFurniture\RGK_SingleBlanket2_north.png
		Textures\Things\Building\GloomyFurniture\RGK_SingleBlanket2_northm.png = Textures\Things\Building\GloomyFurniture\RGK_SingleBlanket2_northm.png
		Textures\Things\Building\GloomyFurniture\RGK_SingleBlanket2_south.png = Textures\Things\Building\GloomyFurniture\RGK_SingleBlanket2_south.png
		Textures\Things\Building\GloomyFurniture\RGK_SingleBlanket2_southm.png = Textures\Things\Building\GloomyFurniture\RGK_SingleBlanket2_southm.png
		Textures\Things\Building\GloomyFurniture\RGK_SingleBlanket_east.png = Textures\Things\Building\GloomyFurniture\RGK_SingleBlanket_east.png
		Textures\Things\Building\GloomyFurniture\RGK_SingleBlanket_eastm.png = Textures\Things\Building\GloomyFurniture\RGK_SingleBlanket_eastm.png
		Textures\Things\Building\GloomyFurniture\RGK_SingleBlanket_north.png = Textures\Things\Building\GloomyFurniture\RGK_SingleBlanket_north.png
		Textures\Things\Building\GloomyFurniture\RGK_SingleBlanket_northm.png = Textures\Things\Building\GloomyFurniture\RGK_SingleBlanket_northm.png
		Textures\Things\Building\GloomyFurniture\RGK_SingleBlanket_south.png = Textures\Things\Building\GloomyFurniture\RGK_SingleBlanket_south.png
		Textures\Things\Building\GloomyFurniture\RGK_SingleBlanket_southm.png = Textures\Things\Building\GloomyFurniture\RGK_SingleBlanket_southm.png
	EndProjectSection
EndProject
Project("{2150E333-8FDC-42A3-9474-1A3956D46DE8}") = "RIMkea", "RIMkea", "{DC1C07CC-DD52-45B0-9A37-83AA7B3DF948}"
	ProjectSection(SolutionItems) = preProject
		Textures\Things\Building\RIMkea\KRUDNEPPSingle_east.png = Textures\Things\Building\RIMkea\KRUDNEPPSingle_east.png
		Textures\Things\Building\RIMkea\KRUDNEPPSingle_eastm.png = Textures\Things\Building\RIMkea\KRUDNEPPSingle_eastm.png
		Textures\Things\Building\RIMkea\KRUDNEPPSingle_north.png = Textures\Things\Building\RIMkea\KRUDNEPPSingle_north.png
		Textures\Things\Building\RIMkea\KRUDNEPPSingle_northm.png = Textures\Things\Building\RIMkea\KRUDNEPPSingle_northm.png
		Textures\Things\Building\RIMkea\KRUDNEPPSingle_south.png = Textures\Things\Building\RIMkea\KRUDNEPPSingle_south.png
		Textures\Things\Building\RIMkea\KRUDNEPPSingle_southm.png = Textures\Things\Building\RIMkea\KRUDNEPPSingle_southm.png
		Textures\Things\Building\RIMkea\KRUDNEPPSingleBlanket_east.png = Textures\Things\Building\RIMkea\KRUDNEPPSingleBlanket_east.png
		Textures\Things\Building\RIMkea\KRUDNEPPSingleBlanket_eastm.png = Textures\Things\Building\RIMkea\KRUDNEPPSingleBlanket_eastm.png
		Textures\Things\Building\RIMkea\KRUDNEPPSingleBlanket_north.png = Textures\Things\Building\RIMkea\KRUDNEPPSingleBlanket_north.png
		Textures\Things\Building\RIMkea\KRUDNEPPSingleBlanket_northm.png = Textures\Things\Building\RIMkea\KRUDNEPPSingleBlanket_northm.png
		Textures\Things\Building\RIMkea\KRUDNEPPSingleBlanket_south.png = Textures\Things\Building\RIMkea\KRUDNEPPSingleBlanket_south.png
		Textures\Things\Building\RIMkea\KRUDNEPPSingleBlanket_southm.png = Textures\Things\Building\RIMkea\KRUDNEPPSingleBlanket_southm.png
		Textures\Things\Building\RIMkea\SLABNEPPDouble_east.png = Textures\Things\Building\RIMkea\SLABNEPPDouble_east.png
		Textures\Things\Building\RIMkea\SLABNEPPDouble_eastm.png = Textures\Things\Building\RIMkea\SLABNEPPDouble_eastm.png
		Textures\Things\Building\RIMkea\SLABNEPPDouble_north.png = Textures\Things\Building\RIMkea\SLABNEPPDouble_north.png
		Textures\Things\Building\RIMkea\SLABNEPPDouble_northm.png = Textures\Things\Building\RIMkea\SLABNEPPDouble_northm.png
		Textures\Things\Building\RIMkea\SLABNEPPDouble_south.png = Textures\Things\Building\RIMkea\SLABNEPPDouble_south.png
		Textures\Things\Building\RIMkea\SLABNEPPDouble_southm.png = Textures\Things\Building\RIMkea\SLABNEPPDouble_southm.png
		Textures\Things\Building\RIMkea\SLABNEPPDoubleBlanket_east.png = Textures\Things\Building\RIMkea\SLABNEPPDoubleBlanket_east.png
		Textures\Things\Building\RIMkea\SLABNEPPDoubleBlanket_eastm.png = Textures\Things\Building\RIMkea\SLABNEPPDoubleBlanket_eastm.png
		Textures\Things\Building\RIMkea\SLABNEPPDoubleBlanket_north.png = Textures\Things\Building\RIMkea\SLABNEPPDoubleBlanket_north.png
		Textures\Things\Building\RIMkea\SLABNEPPDoubleBlanket_northm.png = Textures\Things\Building\RIMkea\SLABNEPPDoubleBlanket_northm.png
		Textures\Things\Building\RIMkea\SLABNEPPDoubleBlanket_south.png = Textures\Things\Building\RIMkea\SLABNEPPDoubleBlanket_south.png
		Textures\Things\Building\RIMkea\SLABNEPPDoubleBlanket_southm.png = Textures\Things\Building\RIMkea\SLABNEPPDoubleBlanket_southm.png
		Textures\Things\Building\RIMkea\SNOREGGDouble_east.png = Textures\Things\Building\RIMkea\SNOREGGDouble_east.png
		Textures\Things\Building\RIMkea\SNOREGGDouble_eastm.png = Textures\Things\Building\RIMkea\SNOREGGDouble_eastm.png
		Textures\Things\Building\RIMkea\SNOREGGDouble_north.png = Textures\Things\Building\RIMkea\SNOREGGDouble_north.png
		Textures\Things\Building\RIMkea\SNOREGGDouble_northm.png = Textures\Things\Building\RIMkea\SNOREGGDouble_northm.png
		Textures\Things\Building\RIMkea\SNOREGGDouble_south.png = Textures\Things\Building\RIMkea\SNOREGGDouble_south.png
		Textures\Things\Building\RIMkea\SNOREGGDouble_southm.png = Textures\Things\Building\RIMkea\SNOREGGDouble_southm.png
		Textures\Things\Building\RIMkea\SNOREGGDoubleBlanket_east.png = Textures\Things\Building\RIMkea\SNOREGGDoubleBlanket_east.png
		Textures\Things\Building\RIMkea\SNOREGGDoubleBlanket_eastm.png = Textures\Things\Building\RIMkea\SNOREGGDoubleBlanket_eastm.png
		Textures\Things\Building\RIMkea\SNOREGGDoubleBlanket_north.png = Textures\Things\Building\RIMkea\SNOREGGDoubleBlanket_north.png
		Textures\Things\Building\RIMkea\SNOREGGDoubleBlanket_northm.png = Textures\Things\Building\RIMkea\SNOREGGDoubleBlanket_northm.png
		Textures\Things\Building\RIMkea\SNOREGGDoubleBlanket_south.png = Textures\Things\Building\RIMkea\SNOREGGDoubleBlanket_south.png
		Textures\Things\Building\RIMkea\SNOREGGDoubleBlanket_southm.png = Textures\Things\Building\RIMkea\SNOREGGDoubleBlanket_southm.png
		Textures\Things\Building\RIMkea\SNOREGGSingle_east.png = Textures\Things\Building\RIMkea\SNOREGGSingle_east.png
		Textures\Things\Building\RIMkea\SNOREGGSingle_eastm.png = Textures\Things\Building\RIMkea\SNOREGGSingle_eastm.png
		Textures\Things\Building\RIMkea\SNOREGGSingle_north.png = Textures\Things\Building\RIMkea\SNOREGGSingle_north.png
		Textures\Things\Building\RIMkea\SNOREGGSingle_northm.png = Textures\Things\Building\RIMkea\SNOREGGSingle_northm.png
		Textures\Things\Building\RIMkea\SNOREGGSingle_south.png = Textures\Things\Building\RIMkea\SNOREGGSingle_south.png
		Textures\Things\Building\RIMkea\SNOREGGSingle_southm.png = Textures\Things\Building\RIMkea\SNOREGGSingle_southm.png
		Textures\Things\Building\RIMkea\SNOREGGSingleBlanket_east.png = Textures\Things\Building\RIMkea\SNOREGGSingleBlanket_east.png
		Textures\Things\Building\RIMkea\SNOREGGSingleBlanket_eastm.png = Textures\Things\Building\RIMkea\SNOREGGSingleBlanket_eastm.png
		Textures\Things\Building\RIMkea\SNOREGGSingleBlanket_north.png = Textures\Things\Building\RIMkea\SNOREGGSingleBlanket_north.png
		Textures\Things\Building\RIMkea\SNOREGGSingleBlanket_northm.png = Textures\Things\Building\RIMkea\SNOREGGSingleBlanket_northm.png
		Textures\Things\Building\RIMkea\SNOREGGSingleBlanket_south.png = Textures\Things\Building\RIMkea\SNOREGGSingleBlanket_south.png
		Textures\Things\Building\RIMkea\SNOREGGSingleBlanket_southm.png = Textures\Things\Building\RIMkea\SNOREGGSingleBlanket_southm.png
	EndProjectSection
EndProject
Project("{2150E333-8FDC-42A3-9474-1A3956D46DE8}") = "VanillaFurnitureExpanded", "VanillaFurnitureExpanded", "{964EBF8F-3FF9-4FE3-9EB3-A92AC1F939D9}"
	ProjectSection(SolutionItems) = preProject
		Textures\Things\Building\VanillaFurnitureExpanded\AdvancedBed_east.png = Textures\Things\Building\VanillaFurnitureExpanded\AdvancedBed_east.png
		Textures\Things\Building\VanillaFurnitureExpanded\AdvancedBed_eastm.png = Textures\Things\Building\VanillaFurnitureExpanded\AdvancedBed_eastm.png
		Textures\Things\Building\VanillaFurnitureExpanded\AdvancedBed_north.png = Textures\Things\Building\VanillaFurnitureExpanded\AdvancedBed_north.png
		Textures\Things\Building\VanillaFurnitureExpanded\AdvancedBed_northm.png = Textures\Things\Building\VanillaFurnitureExpanded\AdvancedBed_northm.png
		Textures\Things\Building\VanillaFurnitureExpanded\AdvancedBed_south.png = Textures\Things\Building\VanillaFurnitureExpanded\AdvancedBed_south.png
		Textures\Things\Building\VanillaFurnitureExpanded\AdvancedBed_southm.png = Textures\Things\Building\VanillaFurnitureExpanded\AdvancedBed_southm.png
		Textures\Things\Building\VanillaFurnitureExpanded\AdvancedBedBlanket_east.png = Textures\Things\Building\VanillaFurnitureExpanded\AdvancedBedBlanket_east.png
		Textures\Things\Building\VanillaFurnitureExpanded\AdvancedBedBlanket_eastm.png = Textures\Things\Building\VanillaFurnitureExpanded\AdvancedBedBlanket_eastm.png
		Textures\Things\Building\VanillaFurnitureExpanded\AdvancedBedBlanket_north.png = Textures\Things\Building\VanillaFurnitureExpanded\AdvancedBedBlanket_north.png
		Textures\Things\Building\VanillaFurnitureExpanded\AdvancedBedBlanket_northm.png = Textures\Things\Building\VanillaFurnitureExpanded\AdvancedBedBlanket_northm.png
		Textures\Things\Building\VanillaFurnitureExpanded\AdvancedBedBlanket_south.png = Textures\Things\Building\VanillaFurnitureExpanded\AdvancedBedBlanket_south.png
		Textures\Things\Building\VanillaFurnitureExpanded\AdvancedBedBlanket_southm.png = Textures\Things\Building\VanillaFurnitureExpanded\AdvancedBedBlanket_southm.png
		Textures\Things\Building\VanillaFurnitureExpanded\AdvancedBedDouble_east.png = Textures\Things\Building\VanillaFurnitureExpanded\AdvancedBedDouble_east.png
		Textures\Things\Building\VanillaFurnitureExpanded\AdvancedBedDouble_eastm.png = Textures\Things\Building\VanillaFurnitureExpanded\AdvancedBedDouble_eastm.png
		Textures\Things\Building\VanillaFurnitureExpanded\AdvancedBedDouble_north.png = Textures\Things\Building\VanillaFurnitureExpanded\AdvancedBedDouble_north.png
		Textures\Things\Building\VanillaFurnitureExpanded\AdvancedBedDouble_northm.png = Textures\Things\Building\VanillaFurnitureExpanded\AdvancedBedDouble_northm.png
		Textures\Things\Building\VanillaFurnitureExpanded\AdvancedBedDouble_south.png = Textures\Things\Building\VanillaFurnitureExpanded\AdvancedBedDouble_south.png
		Textures\Things\Building\VanillaFurnitureExpanded\AdvancedBedDouble_southm.png = Textures\Things\Building\VanillaFurnitureExpanded\AdvancedBedDouble_southm.png
		Textures\Things\Building\VanillaFurnitureExpanded\AdvancedBedDoubleBlanket_east.png = Textures\Things\Building\VanillaFurnitureExpanded\AdvancedBedDoubleBlanket_east.png
		Textures\Things\Building\VanillaFurnitureExpanded\AdvancedBedDoubleBlanket_eastm.png = Textures\Things\Building\VanillaFurnitureExpanded\AdvancedBedDoubleBlanket_eastm.png
		Textures\Things\Building\VanillaFurnitureExpanded\AdvancedBedDoubleBlanket_north.png = Textures\Things\Building\VanillaFurnitureExpanded\AdvancedBedDoubleBlanket_north.png
		Textures\Things\Building\VanillaFurnitureExpanded\AdvancedBedDoubleBlanket_northm.png = Textures\Things\Building\VanillaFurnitureExpanded\AdvancedBedDoubleBlanket_northm.png
		Textures\Things\Building\VanillaFurnitureExpanded\AdvancedBedDoubleBlanket_south.png = Textures\Things\Building\VanillaFurnitureExpanded\AdvancedBedDoubleBlanket_south.png
		Textures\Things\Building\VanillaFurnitureExpanded\AdvancedBedDoubleBlanket_southm.png = Textures\Things\Building\VanillaFurnitureExpanded\AdvancedBedDoubleBlanket_southm.png
		Textures\Things\Building\VanillaFurnitureExpanded\KingsizeBed_east.png = Textures\Things\Building\VanillaFurnitureExpanded\KingsizeBed_east.png
		Textures\Things\Building\VanillaFurnitureExpanded\KingsizeBed_eastm.png = Textures\Things\Building\VanillaFurnitureExpanded\KingsizeBed_eastm.png
		Textures\Things\Building\VanillaFurnitureExpanded\KingsizeBed_north.png = Textures\Things\Building\VanillaFurnitureExpanded\KingsizeBed_north.png
		Textures\Things\Building\VanillaFurnitureExpanded\KingsizeBed_northm.png = Textures\Things\Building\VanillaFurnitureExpanded\KingsizeBed_northm.png
		Textures\Things\Building\VanillaFurnitureExpanded\KingsizeBed_south.png = Textures\Things\Building\VanillaFurnitureExpanded\KingsizeBed_south.png
		Textures\Things\Building\VanillaFurnitureExpanded\KingsizeBed_southm.png = Textures\Things\Building\VanillaFurnitureExpanded\KingsizeBed_southm.png
		Textures\Things\Building\VanillaFurnitureExpanded\KingsizeBedBlanket_east.png = Textures\Things\Building\VanillaFurnitureExpanded\KingsizeBedBlanket_east.png
		Textures\Things\Building\VanillaFurnitureExpanded\KingsizeBedBlanket_eastm.png = Textures\Things\Building\VanillaFurnitureExpanded\KingsizeBedBlanket_eastm.png
		Textures\Things\Building\VanillaFurnitureExpanded\KingsizeBedBlanket_north.png = Textures\Things\Building\VanillaFurnitureExpanded\KingsizeBedBlanket_north.png
		Textures\Things\Building\VanillaFurnitureExpanded\KingsizeBedBlanket_northm.png = Textures\Things\Building\VanillaFurnitureExpanded\KingsizeBedBlanket_northm.png
		Textures\Things\Building\VanillaFurnitureExpanded\KingsizeBedBlanket_south.png = Textures\Things\Building\VanillaFurnitureExpanded\KingsizeBedBlanket_south.png
		Textures\Things\Building\VanillaFurnitureExpanded\KingsizeBedBlanket_southm.png = Textures\Things\Building\VanillaFurnitureExpanded\KingsizeBedBlanket_southm.png
		Textures\Things\Building\VanillaFurnitureExpanded\SpacerBed_east.png = Textures\Things\Building\VanillaFurnitureExpanded\SpacerBed_east.png
		Textures\Things\Building\VanillaFurnitureExpanded\SpacerBed_eastm.png = Textures\Things\Building\VanillaFurnitureExpanded\SpacerBed_eastm.png
		Textures\Things\Building\VanillaFurnitureExpanded\SpacerBed_north.png = Textures\Things\Building\VanillaFurnitureExpanded\SpacerBed_north.png
		Textures\Things\Building\VanillaFurnitureExpanded\SpacerBed_northm.png = Textures\Things\Building\VanillaFurnitureExpanded\SpacerBed_northm.png
		Textures\Things\Building\VanillaFurnitureExpanded\SpacerBed_south.png = Textures\Things\Building\VanillaFurnitureExpanded\SpacerBed_south.png
		Textures\Things\Building\VanillaFurnitureExpanded\SpacerBed_southm.png = Textures\Things\Building\VanillaFurnitureExpanded\SpacerBed_southm.png
		Textures\Things\Building\VanillaFurnitureExpanded\SpacerBedBlanket_east.png = Textures\Things\Building\VanillaFurnitureExpanded\SpacerBedBlanket_east.png
		Textures\Things\Building\VanillaFurnitureExpanded\SpacerBedBlanket_eastm.png = Textures\Things\Building\VanillaFurnitureExpanded\SpacerBedBlanket_eastm.png
		Textures\Things\Building\VanillaFurnitureExpanded\SpacerBedBlanket_north.png = Textures\Things\Building\VanillaFurnitureExpanded\SpacerBedBlanket_north.png
		Textures\Things\Building\VanillaFurnitureExpanded\SpacerBedBlanket_northm.png = Textures\Things\Building\VanillaFurnitureExpanded\SpacerBedBlanket_northm.png
		Textures\Things\Building\VanillaFurnitureExpanded\SpacerBedBlanket_south.png = Textures\Things\Building\VanillaFurnitureExpanded\SpacerBedBlanket_south.png
		Textures\Things\Building\VanillaFurnitureExpanded\SpacerBedBlanket_southm.png = Textures\Things\Building\VanillaFurnitureExpanded\SpacerBedBlanket_southm.png
		Textures\Things\Building\VanillaFurnitureExpanded\SpacerDoubleBed_east.png = Textures\Things\Building\VanillaFurnitureExpanded\SpacerDoubleBed_east.png
		Textures\Things\Building\VanillaFurnitureExpanded\SpacerDoubleBed_eastm.png = Textures\Things\Building\VanillaFurnitureExpanded\SpacerDoubleBed_eastm.png
		Textures\Things\Building\VanillaFurnitureExpanded\SpacerDoubleBed_north.png = Textures\Things\Building\VanillaFurnitureExpanded\SpacerDoubleBed_north.png
		Textures\Things\Building\VanillaFurnitureExpanded\SpacerDoubleBed_northm.png = Textures\Things\Building\VanillaFurnitureExpanded\SpacerDoubleBed_northm.png
		Textures\Things\Building\VanillaFurnitureExpanded\SpacerDoubleBed_south.png = Textures\Things\Building\VanillaFurnitureExpanded\SpacerDoubleBed_south.png
		Textures\Things\Building\VanillaFurnitureExpanded\SpacerDoubleBed_southm.png = Textures\Things\Building\VanillaFurnitureExpanded\SpacerDoubleBed_southm.png
		Textures\Things\Building\VanillaFurnitureExpanded\SpacerDoubleBedBlanket_east.png = Textures\Things\Building\VanillaFurnitureExpanded\SpacerDoubleBedBlanket_east.png
		Textures\Things\Building\VanillaFurnitureExpanded\SpacerDoubleBedBlanket_eastm.png = Textures\Things\Building\VanillaFurnitureExpanded\SpacerDoubleBedBlanket_eastm.png
		Textures\Things\Building\VanillaFurnitureExpanded\SpacerDoubleBedBlanket_north.png = Textures\Things\Building\VanillaFurnitureExpanded\SpacerDoubleBedBlanket_north.png
		Textures\Things\Building\VanillaFurnitureExpanded\SpacerDoubleBedBlanket_northm.png = Textures\Things\Building\VanillaFurnitureExpanded\SpacerDoubleBedBlanket_northm.png
		Textures\Things\Building\VanillaFurnitureExpanded\SpacerDoubleBedBlanket_south.png = Textures\Things\Building\VanillaFurnitureExpanded\SpacerDoubleBedBlanket_south.png
		Textures\Things\Building\VanillaFurnitureExpanded\SpacerDoubleBedBlanket_southm.png = Textures\Things\Building\VanillaFurnitureExpanded\SpacerDoubleBedBlanket_southm.png
	EndProjectSection
EndProject
Project("{2150E333-8FDC-42A3-9474-1A3956D46DE8}") = "VFEVikings", "VFEVikings", "{3CF50FE2-38D0-4E6C-A037-87BE8CF9B2D3}"
	ProjectSection(SolutionItems) = preProject
		Textures\Things\Building\VFEVikings\DoubleFurBed_east.png = Textures\Things\Building\VFEVikings\DoubleFurBed_east.png
		Textures\Things\Building\VFEVikings\DoubleFurBed_eastm.png = Textures\Things\Building\VFEVikings\DoubleFurBed_eastm.png
		Textures\Things\Building\VFEVikings\DoubleFurBed_north.png = Textures\Things\Building\VFEVikings\DoubleFurBed_north.png
		Textures\Things\Building\VFEVikings\DoubleFurBed_northm.png = Textures\Things\Building\VFEVikings\DoubleFurBed_northm.png
		Textures\Things\Building\VFEVikings\DoubleFurBed_south.png = Textures\Things\Building\VFEVikings\DoubleFurBed_south.png
		Textures\Things\Building\VFEVikings\DoubleFurBed_southm.png = Textures\Things\Building\VFEVikings\DoubleFurBed_southm.png
		Textures\Things\Building\VFEVikings\DoubleFurBedBlanket_east.png = Textures\Things\Building\VFEVikings\DoubleFurBedBlanket_east.png
		Textures\Things\Building\VFEVikings\DoubleFurBedBlanket_eastm.png = Textures\Things\Building\VFEVikings\DoubleFurBedBlanket_eastm.png
		Textures\Things\Building\VFEVikings\DoubleFurBedBlanket_north.png = Textures\Things\Building\VFEVikings\DoubleFurBedBlanket_north.png
		Textures\Things\Building\VFEVikings\DoubleFurBedBlanket_northm.png = Textures\Things\Building\VFEVikings\DoubleFurBedBlanket_northm.png
		Textures\Things\Building\VFEVikings\DoubleFurBedBlanket_south.png = Textures\Things\Building\VFEVikings\DoubleFurBedBlanket_south.png
		Textures\Things\Building\VFEVikings\DoubleFurBedBlanket_southm.png = Textures\Things\Building\VFEVikings\DoubleFurBedBlanket_southm.png
		Textures\Things\Building\VFEVikings\FurBed_east.png = Textures\Things\Building\VFEVikings\FurBed_east.png
		Textures\Things\Building\VFEVikings\FurBed_eastm.png = Textures\Things\Building\VFEVikings\FurBed_eastm.png
		Textures\Things\Building\VFEVikings\FurBed_north.png = Textures\Things\Building\VFEVikings\FurBed_north.png
		Textures\Things\Building\VFEVikings\FurBed_northm.png = Textures\Things\Building\VFEVikings\FurBed_northm.png
		Textures\Things\Building\VFEVikings\FurBed_south.png = Textures\Things\Building\VFEVikings\FurBed_south.png
		Textures\Things\Building\VFEVikings\FurBed_southm.png = Textures\Things\Building\VFEVikings\FurBed_southm.png
		Textures\Things\Building\VFEVikings\SingleFurBedBlanket_east.png = Textures\Things\Building\VFEVikings\SingleFurBedBlanket_east.png
		Textures\Things\Building\VFEVikings\SingleFurBedBlanket_eastm.png = Textures\Things\Building\VFEVikings\SingleFurBedBlanket_eastm.png
		Textures\Things\Building\VFEVikings\SingleFurBedBlanket_north.png = Textures\Things\Building\VFEVikings\SingleFurBedBlanket_north.png
		Textures\Things\Building\VFEVikings\SingleFurBedBlanket_northm.png = Textures\Things\Building\VFEVikings\SingleFurBedBlanket_northm.png
		Textures\Things\Building\VFEVikings\SingleFurBedBlanket_south.png = Textures\Things\Building\VFEVikings\SingleFurBedBlanket_south.png
		Textures\Things\Building\VFEVikings\SingleFurBedBlanket_southm.png = Textures\Things\Building\VFEVikings\SingleFurBedBlanket_southm.png
	EndProjectSection
EndProject
Project("{2150E333-8FDC-42A3-9474-1A3956D46DE8}") = "UI", "UI", "{1AC7186C-4E19-40BF-94FE-BE47807F9BC6}"
	ProjectSection(SolutionItems) = preProject
		Textures\UI\beddingDouble.png = Textures\UI\beddingDouble.png
		Textures\UI\beddingSingle.png = Textures\UI\beddingSingle.png
	EndProjectSection
EndProject
Project("{2150E333-8FDC-42A3-9474-1A3956D46DE8}") = "Languages", "Languages", "{0865A500-32C5-4061-9692-25B9B7D9D87C}"
EndProject
Project("{2150E333-8FDC-42A3-9474-1A3956D46DE8}") = "ChineseSimplified", "ChineseSimplified", "{DA23EA4F-A4CF-4BB6-99EA-947C3C574296}"
EndProject
Project("{2150E333-8FDC-42A3-9474-1A3956D46DE8}") = "DefInjected", "DefInjected", "{9F17C6DF-F791-458B-A7F1-2A1765D91720}"
EndProject
Project("{2150E333-8FDC-42A3-9474-1A3956D46DE8}") = "JobDef", "JobDef", "{D4F46FBD-1254-4E92-BE0D-E13A601BEAC4}"
	ProjectSection(SolutionItems) = preProject
		Languages\ChineseSimplified\DefInjected\JobDef\Jobs.xml = Languages\ChineseSimplified\DefInjected\JobDef\Jobs.xml
	EndProjectSection
EndProject
Project("{2150E333-8FDC-42A3-9474-1A3956D46DE8}") = "StatDef", "StatDef", "{D880953E-DB6A-450C-AEC1-7007E6AD690E}"
	ProjectSection(SolutionItems) = preProject
		Languages\ChineseSimplified\DefInjected\StatDef\Stats.xml = Languages\ChineseSimplified\DefInjected\StatDef\Stats.xml
	EndProjectSection
EndProject
Project("{2150E333-8FDC-42A3-9474-1A3956D46DE8}") = "ThingCategoryDef", "ThingCategoryDef", "{E317F65F-A755-4EEA-A5C0-1DD5BC452677}"
	ProjectSection(SolutionItems) = preProject
		Languages\ChineseSimplified\DefInjected\ThingCategoryDef\ThingCategories.xml = Languages\ChineseSimplified\DefInjected\ThingCategoryDef\ThingCategories.xml
	EndProjectSection
EndProject
Project("{2150E333-8FDC-42A3-9474-1A3956D46DE8}") = "ThingDef", "ThingDef", "{AF96A263-A884-4919-AC27-E5772EFFB102}"
	ProjectSection(SolutionItems) = preProject
		Languages\ChineseSimplified\DefInjected\ThingDef\Things.xml = Languages\ChineseSimplified\DefInjected\ThingDef\Things.xml
	EndProjectSection
EndProject
Project("{2150E333-8FDC-42A3-9474-1A3956D46DE8}") = "WorkGiverDef", "WorkGiverDef", "{C18D37BC-5B6A-446E-9873-AE8B7757558E}"
	ProjectSection(SolutionItems) = preProject
		Languages\ChineseSimplified\DefInjected\WorkGiverDef\WorkGiver.xml = Languages\ChineseSimplified\DefInjected\WorkGiverDef\WorkGiver.xml
	EndProjectSection
EndProject
Project("{2150E333-8FDC-42A3-9474-1A3956D46DE8}") = "Keyed", "Keyed", "{C066F3F8-CADC-4952-B25C-E06186D1F424}"
	ProjectSection(SolutionItems) = preProject
		Languages\ChineseSimplified\Keyed\SoftWarmBeds_keys.xml = Languages\ChineseSimplified\Keyed\SoftWarmBeds_keys.xml
	EndProjectSection
EndProject
Project("{2150E333-8FDC-42A3-9474-1A3956D46DE8}") = "ChineseTraditional", "ChineseTraditional", "{C750AD3E-B46C-476F-BF2B-920897641670}"
EndProject
Project("{2150E333-8FDC-42A3-9474-1A3956D46DE8}") = "DefInjected", "DefInjected", "{17993365-1D9E-4472-BD76-107357EE4C59}"
EndProject
Project("{2150E333-8FDC-42A3-9474-1A3956D46DE8}") = "JobDef", "JobDef", "{34C61DAA-1B38-4474-84BC-D5D402E6C779}"
	ProjectSection(SolutionItems) = preProject
		Languages\ChineseTraditional\DefInjected\JobDef\Jobs.xml = Languages\ChineseTraditional\DefInjected\JobDef\Jobs.xml
	EndProjectSection
EndProject
Project("{2150E333-8FDC-42A3-9474-1A3956D46DE8}") = "StatDef", "StatDef", "{399EBF22-E0D8-4A66-B35E-7F82C1FBAD02}"
	ProjectSection(SolutionItems) = preProject
		Languages\ChineseTraditional\DefInjected\StatDef\Stats.xml = Languages\ChineseTraditional\DefInjected\StatDef\Stats.xml
	EndProjectSection
EndProject
Project("{2150E333-8FDC-42A3-9474-1A3956D46DE8}") = "ThingCategoryDef", "ThingCategoryDef", "{65DCDFBE-2261-4169-A9BF-48A76F3D47F9}"
	ProjectSection(SolutionItems) = preProject
		Languages\ChineseTraditional\DefInjected\ThingCategoryDef\ThingCategories.xml = Languages\ChineseTraditional\DefInjected\ThingCategoryDef\ThingCategories.xml
	EndProjectSection
EndProject
Project("{2150E333-8FDC-42A3-9474-1A3956D46DE8}") = "ThingDef", "ThingDef", "{668F689F-D2C4-463D-848C-E020AD0D7427}"
	ProjectSection(SolutionItems) = preProject
		Languages\ChineseTraditional\DefInjected\ThingDef\Things.xml = Languages\ChineseTraditional\DefInjected\ThingDef\Things.xml
	EndProjectSection
EndProject
Project("{2150E333-8FDC-42A3-9474-1A3956D46DE8}") = "WorkGiverDef", "WorkGiverDef", "{76A6DB57-AD3D-4702-A046-335D8A57A6FD}"
	ProjectSection(SolutionItems) = preProject
		Languages\ChineseTraditional\DefInjected\WorkGiverDef\WorkGiver.xml = Languages\ChineseTraditional\DefInjected\WorkGiverDef\WorkGiver.xml
	EndProjectSection
EndProject
Project("{2150E333-8FDC-42A3-9474-1A3956D46DE8}") = "Keyed", "Keyed", "{710AE77E-8B42-4D7D-BBCC-CF5482B98A2F}"
	ProjectSection(SolutionItems) = preProject
		Languages\ChineseTraditional\Keyed\SoftWarmBeds_keys.xml = Languages\ChineseTraditional\Keyed\SoftWarmBeds_keys.xml
	EndProjectSection
EndProject
Project("{2150E333-8FDC-42A3-9474-1A3956D46DE8}") = "English", "English", "{05050268-0ED4-44D3-82EC-5311576ABFDA}"
EndProject
Project("{2150E333-8FDC-42A3-9474-1A3956D46DE8}") = "Keyed", "Keyed", "{D262F197-CBC4-4A5F-9539-E8F02B72F4D0}"
	ProjectSection(SolutionItems) = preProject
		Languages\English\Keyed\SoftWarmBeds_keys.xml = Languages\English\Keyed\SoftWarmBeds_keys.xml
	EndProjectSection
EndProject
Project("{2150E333-8FDC-42A3-9474-1A3956D46DE8}") = "Italian", "Italian", "{9196D4C7-F28F-43EF-B567-639DDCC6448E}"
EndProject
Project("{2150E333-8FDC-42A3-9474-1A3956D46DE8}") = "DefInjected", "DefInjected", "{CF88F76C-C628-4089-AF1D-F52BD3EABB46}"
EndProject
Project("{2150E333-8FDC-42A3-9474-1A3956D46DE8}") = "JobDef", "JobDef", "{696B2934-B57B-4DCD-8A0B-E08ED540BC43}"
	ProjectSection(SolutionItems) = preProject
		Languages\Italian\DefInjected\JobDef\TranslateJobs.xml = Languages\Italian\DefInjected\JobDef\TranslateJobs.xml
	EndProjectSection
EndProject
Project("{2150E333-8FDC-42A3-9474-1A3956D46DE8}") = "StatDef", "StatDef", "{83693272-04B5-47EE-8D3D-3D82E94FA157}"
	ProjectSection(SolutionItems) = preProject
		Languages\Italian\DefInjected\StatDef\TranslateStats.xml = Languages\Italian\DefInjected\StatDef\TranslateStats.xml
	EndProjectSection
EndProject
Project("{2150E333-8FDC-42A3-9474-1A3956D46DE8}") = "ThingCategoryDef", "ThingCategoryDef", "{577F784C-CE73-4EAB-BA6F-ED979373CB98}"
	ProjectSection(SolutionItems) = preProject
		Languages\Italian\DefInjected\ThingCategoryDef\TranslateThingCategories.xml = Languages\Italian\DefInjected\ThingCategoryDef\TranslateThingCategories.xml
	EndProjectSection
EndProject
Project("{2150E333-8FDC-42A3-9474-1A3956D46DE8}") = "ThingDef", "ThingDef", "{F37B2667-9548-45B4-8134-48ED1742A427}"
	ProjectSection(SolutionItems) = preProject
		Languages\Italian\DefInjected\ThingDef\TranslateThings.xml = Languages\Italian\DefInjected\ThingDef\TranslateThings.xml
	EndProjectSection
EndProject
Project("{2150E333-8FDC-42A3-9474-1A3956D46DE8}") = "WorkGiverDef", "WorkGiverDef", "{FB74943A-9F87-4C0D-BD21-99A9C1241E61}"
	ProjectSection(SolutionItems) = preProject
		Languages\Italian\DefInjected\WorkGiverDef\TranslateWorkGiver.xml = Languages\Italian\DefInjected\WorkGiverDef\TranslateWorkGiver.xml
	EndProjectSection
EndProject
Project("{2150E333-8FDC-42A3-9474-1A3956D46DE8}") = "Keyed", "Keyed", "{D668D42C-C05F-46C6-B213-4CEB8FE86524}"
	ProjectSection(SolutionItems) = preProject
		Languages\Italian\Keyed\SoftWarmBeds_keys.xml = Languages\Italian\Keyed\SoftWarmBeds_keys.xml
	EndProjectSection
EndProject
Project("{2150E333-8FDC-42A3-9474-1A3956D46DE8}") = "Japanese", "Japanese", "{6C5311F1-8548-4095-8B0D-8B3687873AB4}"
EndProject
Project("{2150E333-8FDC-42A3-9474-1A3956D46DE8}") = "DefInjected", "DefInjected", "{09723434-4047-4FD2-8765-063DD4672A01}"
EndProject
Project("{2150E333-8FDC-42A3-9474-1A3956D46DE8}") = "JobDef", "JobDef", "{60CBC7BB-EBCB-4C06-B0B3-682F0D04F816}"
	ProjectSection(SolutionItems) = preProject
		Languages\Japanese\DefInjected\JobDef\Jobs.xml = Languages\Japanese\DefInjected\JobDef\Jobs.xml
	EndProjectSection
EndProject
Project("{2150E333-8FDC-42A3-9474-1A3956D46DE8}") = "StatDef", "StatDef", "{FD9B5AFB-3D2D-46C9-83F3-23266BED2693}"
	ProjectSection(SolutionItems) = preProject
		Languages\Japanese\DefInjected\StatDef\Stats.xml = Languages\Japanese\DefInjected\StatDef\Stats.xml
	EndProjectSection
EndProject
Project("{2150E333-8FDC-42A3-9474-1A3956D46DE8}") = "ThingCategoryDef", "ThingCategoryDef", "{2B09D32F-40ED-42C5-87FD-6851B1451B8B}"
	ProjectSection(SolutionItems) = preProject
		Languages\Japanese\DefInjected\ThingCategoryDef\ThingCategories.xml = Languages\Japanese\DefInjected\ThingCategoryDef\ThingCategories.xml
	EndProjectSection
EndProject
Project("{2150E333-8FDC-42A3-9474-1A3956D46DE8}") = "ThingDef", "ThingDef", "{E379996C-CA7E-432E-A3E0-F3B48D321C6C}"
	ProjectSection(SolutionItems) = preProject
		Languages\Japanese\DefInjected\ThingDef\Things.xml = Languages\Japanese\DefInjected\ThingDef\Things.xml
	EndProjectSection
EndProject
Project("{2150E333-8FDC-42A3-9474-1A3956D46DE8}") = "WorkGiverDef", "WorkGiverDef", "{BFBE70EB-CEF7-4BF4-8732-6D12837399AB}"
	ProjectSection(SolutionItems) = preProject
		Languages\Japanese\DefInjected\WorkGiverDef\WorkGiver.xml = Languages\Japanese\DefInjected\WorkGiverDef\WorkGiver.xml
	EndProjectSection
EndProject
Project("{2150E333-8FDC-42A3-9474-1A3956D46DE8}") = "Keyed", "Keyed", "{519BD4B9-D88D-4E73-BE8B-258E29F57ED6}"
	ProjectSection(SolutionItems) = preProject
		Languages\Japanese\Keyed\SoftWarmBeds_keys.xml = Languages\Japanese\Keyed\SoftWarmBeds_keys.xml
	EndProjectSection
EndProject
Project("{2150E333-8FDC-42A3-9474-1A3956D46DE8}") = "Portuguese", "Portuguese", "{39760CC7-B2F0-44E0-AED9-C2416F95D2FC}"
EndProject
Project("{2150E333-8FDC-42A3-9474-1A3956D46DE8}") = "DefInjected", "DefInjected", "{82D03410-8816-4C40-9204-5CCC9BB697C5}"
EndProject
Project("{2150E333-8FDC-42A3-9474-1A3956D46DE8}") = "JobDef", "JobDef", "{5856EE4C-18E1-434A-AAB0-45D3F8AFDD8E}"
	ProjectSection(SolutionItems) = preProject
		Languages\Portuguese\DefInjected\JobDef\TranslateJobs.xml = Languages\Portuguese\DefInjected\JobDef\TranslateJobs.xml
	EndProjectSection
EndProject
Project("{2150E333-8FDC-42A3-9474-1A3956D46DE8}") = "StatDef", "StatDef", "{840D7E14-9AEC-4F7C-BD16-24B6FCCBB5CE}"
	ProjectSection(SolutionItems) = preProject
		Languages\Portuguese\DefInjected\StatDef\TranslateStats.xml = Languages\Portuguese\DefInjected\StatDef\TranslateStats.xml
	EndProjectSection
EndProject
Project("{2150E333-8FDC-42A3-9474-1A3956D46DE8}") = "ThingCategoryDef", "ThingCategoryDef", "{3B015C11-E4EF-45D6-810B-1840E5EC7D29}"
	ProjectSection(SolutionItems) = preProject
		Languages\Portuguese\DefInjected\ThingCategoryDef\TranslateThingCategories.xml = Languages\Portuguese\DefInjected\ThingCategoryDef\TranslateThingCategories.xml
	EndProjectSection
EndProject
Project("{2150E333-8FDC-42A3-9474-1A3956D46DE8}") = "ThingDef", "ThingDef", "{DA070D42-38AB-4348-A9F8-6B4A4C2C7A3B}"
	ProjectSection(SolutionItems) = preProject
		Languages\Portuguese\DefInjected\ThingDef\TranslateThings.xml = Languages\Portuguese\DefInjected\ThingDef\TranslateThings.xml
	EndProjectSection
EndProject
Project("{2150E333-8FDC-42A3-9474-1A3956D46DE8}") = "WorkGiverDef", "WorkGiverDef", "{F95F057D-4E08-4965-8D2F-7DD96B9FE9B5}"
	ProjectSection(SolutionItems) = preProject
		Languages\Portuguese\DefInjected\WorkGiverDef\TranslateWorkGivers.xml = Languages\Portuguese\DefInjected\WorkGiverDef\TranslateWorkGivers.xml
	EndProjectSection
EndProject
Project("{2150E333-8FDC-42A3-9474-1A3956D46DE8}") = "Keyed", "Keyed", "{DAE52B23-EE49-44E2-8160-76F04205AE2D}"
	ProjectSection(SolutionItems) = preProject
		Languages\Portuguese\Keyed\SoftWarmBeds_keys.xml = Languages\Portuguese\Keyed\SoftWarmBeds_keys.xml
	EndProjectSection
EndProject
Project("{2150E333-8FDC-42A3-9474-1A3956D46DE8}") = "PortugueseBrazilian", "PortugueseBrazilian", "{D4A89639-D23D-45C4-B142-52AE1E896093}"
EndProject
Project("{2150E333-8FDC-42A3-9474-1A3956D46DE8}") = "DefInjected", "DefInjected", "{29C50CB4-81B7-4ACB-8AE3-DA493F3F58BE}"
EndProject
Project("{2150E333-8FDC-42A3-9474-1A3956D46DE8}") = "JobDef", "JobDef", "{7A3EDE29-C1DB-4047-9B73-4BAC518F2073}"
	ProjectSection(SolutionItems) = preProject
		Languages\PortugueseBrazilian\DefInjected\JobDef\TranslateJobs.xml = Languages\PortugueseBrazilian\DefInjected\JobDef\TranslateJobs.xml
	EndProjectSection
EndProject
Project("{2150E333-8FDC-42A3-9474-1A3956D46DE8}") = "StatDef", "StatDef", "{DB03F25F-245A-4F26-AB15-A477DBC0B94D}"
	ProjectSection(SolutionItems) = preProject
		Languages\PortugueseBrazilian\DefInjected\StatDef\TranslateStats.xml = Languages\PortugueseBrazilian\DefInjected\StatDef\TranslateStats.xml
	EndProjectSection
EndProject
Project("{2150E333-8FDC-42A3-9474-1A3956D46DE8}") = "ThingCategoryDef", "ThingCategoryDef", "{A49F84D1-BA8E-4C86-9AAB-A42E2833A1E1}"
	ProjectSection(SolutionItems) = preProject
		Languages\PortugueseBrazilian\DefInjected\ThingCategoryDef\TranslateThingCategories.xml = Languages\PortugueseBrazilian\DefInjected\ThingCategoryDef\TranslateThingCategories.xml
	EndProjectSection
EndProject
Project("{2150E333-8FDC-42A3-9474-1A3956D46DE8}") = "ThingDef", "ThingDef", "{F4AE9FBA-CD26-4925-8CCC-96E67DC3A741}"
	ProjectSection(SolutionItems) = preProject
		Languages\PortugueseBrazilian\DefInjected\ThingDef\TranslateThings.xml = Languages\PortugueseBrazilian\DefInjected\ThingDef\TranslateThings.xml
	EndProjectSection
EndProject
Project("{2150E333-8FDC-42A3-9474-1A3956D46DE8}") = "WorkGiverDef", "WorkGiverDef", "{8EF4485E-7A72-4C26-9F3A-4169E90A8D23}"
	ProjectSection(SolutionItems) = preProject
		Languages\PortugueseBrazilian\DefInjected\WorkGiverDef\TranslateWorkGiver.xml = Languages\PortugueseBrazilian\DefInjected\WorkGiverDef\TranslateWorkGiver.xml
	EndProjectSection
EndProject
Project("{2150E333-8FDC-42A3-9474-1A3956D46DE8}") = "Keyed", "Keyed", "{3FB0E806-432E-4229-ABF3-08BBE9D5097E}"
	ProjectSection(SolutionItems) = preProject
		Languages\PortugueseBrazilian\Keyed\SoftWarmBeds_keys.xml = Languages\PortugueseBrazilian\Keyed\SoftWarmBeds_keys.xml
	EndProjectSection
EndProject
Project("{2150E333-8FDC-42A3-9474-1A3956D46DE8}") = "SpanishLatin", "SpanishLatin", "{FD568CC5-B73D-428D-BC2B-A4E5727B3470}"
EndProject
Project("{2150E333-8FDC-42A3-9474-1A3956D46DE8}") = "DefInjected", "DefInjected", "{72B4D987-0302-4E9D-BA2C-B8BD3ECAF329}"
EndProject
Project("{2150E333-8FDC-42A3-9474-1A3956D46DE8}") = "JobDef", "JobDef", "{EBFEF50B-BA2D-4D85-8F92-DE9B8280B593}"
	ProjectSection(SolutionItems) = preProject
		Languages\SpanishLatin\DefInjected\JobDef\Jobs.xml = Languages\SpanishLatin\DefInjected\JobDef\Jobs.xml
	EndProjectSection
EndProject
Project("{2150E333-8FDC-42A3-9474-1A3956D46DE8}") = "RecipeDef", "RecipeDef", "{9DBD360D-5118-443F-8690-1CE3008F93B6}"
	ProjectSection(SolutionItems) = preProject
		Languages\SpanishLatin\DefInjected\RecipeDef\Recipes_Add_Make.xml = Languages\SpanishLatin\DefInjected\RecipeDef\Recipes_Add_Make.xml
	EndProjectSection
EndProject
Project("{2150E333-8FDC-42A3-9474-1A3956D46DE8}") = "StatDef", "StatDef", "{13823508-146D-4DCE-8319-996DE8538A33}"
	ProjectSection(SolutionItems) = preProject
		Languages\SpanishLatin\DefInjected\StatDef\Stats.xml = Languages\SpanishLatin\DefInjected\StatDef\Stats.xml
	EndProjectSection
EndProject
Project("{2150E333-8FDC-42A3-9474-1A3956D46DE8}") = "ThingCategoryDef", "ThingCategoryDef", "{1C6FFBD0-EC91-49E6-8F71-64260B57ECE7}"
	ProjectSection(SolutionItems) = preProject
		Languages\SpanishLatin\DefInjected\ThingCategoryDef\ThingCategories.xml = Languages\SpanishLatin\DefInjected\ThingCategoryDef\ThingCategories.xml
	EndProjectSection
EndProject
Project("{2150E333-8FDC-42A3-9474-1A3956D46DE8}") = "ThingDef", "ThingDef", "{C69B4C1C-0CD7-4E56-8121-DF9E6460C5CC}"
	ProjectSection(SolutionItems) = preProject
		Languages\SpanishLatin\DefInjected\ThingDef\Defs_GloomyFurniture.xml = Languages\SpanishLatin\DefInjected\ThingDef\Defs_GloomyFurniture.xml
		Languages\SpanishLatin\DefInjected\ThingDef\Defs_RIMkea.xml = Languages\SpanishLatin\DefInjected\ThingDef\Defs_RIMkea.xml
		Languages\SpanishLatin\DefInjected\ThingDef\Defs_VanillaFurnitureExpanded.xml = Languages\SpanishLatin\DefInjected\ThingDef\Defs_VanillaFurnitureExpanded.xml
		Languages\SpanishLatin\DefInjected\ThingDef\Things.xml = Languages\SpanishLatin\DefInjected\ThingDef\Things.xml
	EndProjectSection
EndProject
Project("{2150E333-8FDC-42A3-9474-1A3956D46DE8}") = "WorkGiverDef", "WorkGiverDef", "{329DB32E-F2AB-4813-990D-621F6798DECE}"
	ProjectSection(SolutionItems) = preProject
		Languages\SpanishLatin\DefInjected\WorkGiverDef\WorkGiver.xml = Languages\SpanishLatin\DefInjected\WorkGiverDef\WorkGiver.xml
	EndProjectSection
EndProject
Project("{2150E333-8FDC-42A3-9474-1A3956D46DE8}") = "Keyed", "Keyed", "{663E258C-7B2E-4848-A65D-1D37738487E9}"
	ProjectSection(SolutionItems) = preProject
		Languages\SpanishLatin\Keyed\SoftWarmBeds_keys.xml = Languages\SpanishLatin\Keyed\SoftWarmBeds_keys.xml
	EndProjectSection
EndProject
Global
	GlobalSection(SolutionConfigurationPlatforms) = preSolution
		1.0|Any CPU = 1.0|Any CPU
		Debug|Any CPU = Debug|Any CPU
		Release|Any CPU = Release|Any CPU
	EndGlobalSection
	GlobalSection(ProjectConfigurationPlatforms) = postSolution
		{D7D21B4A-1DA7-41D8-B202-C58CA8FA62AA}.1.0|Any CPU.ActiveCfg = 1.0|Any CPU
		{D7D21B4A-1DA7-41D8-B202-C58CA8FA62AA}.1.0|Any CPU.Build.0 = 1.0|Any CPU
		{D7D21B4A-1DA7-41D8-B202-C58CA8FA62AA}.Debug|Any CPU.ActiveCfg = 1.0|Any CPU
		{D7D21B4A-1DA7-41D8-B202-C58CA8FA62AA}.Debug|Any CPU.Build.0 = 1.0|Any CPU
		{D7D21B4A-1DA7-41D8-B202-C58CA8FA62AA}.Release|Any CPU.ActiveCfg = Release|Any CPU
		{D7D21B4A-1DA7-41D8-B202-C58CA8FA62AA}.Release|Any CPU.Build.0 = Release|Any CPU
	EndGlobalSection
	GlobalSection(SolutionProperties) = preSolution
		HideSolutionNode = FALSE
	EndGlobalSection
	GlobalSection(NestedProjects) = preSolution
		{B1487B6E-4833-4A17-B2E8-20AED7181289} = {5112442D-F6EE-4658-82D5-C2DCF9CFAB8F}
		{5F69B790-4B0F-45EF-92F4-FBAB696121BB} = {083E1096-5587-491F-BE8F-0126126B012F}
		{6E030C35-6A0B-47C9-9DFC-59EBA0D02780} = {5F69B790-4B0F-45EF-92F4-FBAB696121BB}
		{420F45EC-2105-4D31-8296-76C7EC371CD5} = {5F69B790-4B0F-45EF-92F4-FBAB696121BB}
		{D3C02DAD-F228-479B-A1EA-81866A6B7077} = {420F45EC-2105-4D31-8296-76C7EC371CD5}
		{DC1C07CC-DD52-45B0-9A37-83AA7B3DF948} = {420F45EC-2105-4D31-8296-76C7EC371CD5}
		{964EBF8F-3FF9-4FE3-9EB3-A92AC1F939D9} = {420F45EC-2105-4D31-8296-76C7EC371CD5}
		{3CF50FE2-38D0-4E6C-A037-87BE8CF9B2D3} = {420F45EC-2105-4D31-8296-76C7EC371CD5}
		{1AC7186C-4E19-40BF-94FE-BE47807F9BC6} = {083E1096-5587-491F-BE8F-0126126B012F}
		{DA23EA4F-A4CF-4BB6-99EA-947C3C574296} = {0865A500-32C5-4061-9692-25B9B7D9D87C}
		{9F17C6DF-F791-458B-A7F1-2A1765D91720} = {DA23EA4F-A4CF-4BB6-99EA-947C3C574296}
		{D4F46FBD-1254-4E92-BE0D-E13A601BEAC4} = {9F17C6DF-F791-458B-A7F1-2A1765D91720}
		{D880953E-DB6A-450C-AEC1-7007E6AD690E} = {9F17C6DF-F791-458B-A7F1-2A1765D91720}
		{E317F65F-A755-4EEA-A5C0-1DD5BC452677} = {9F17C6DF-F791-458B-A7F1-2A1765D91720}
		{AF96A263-A884-4919-AC27-E5772EFFB102} = {9F17C6DF-F791-458B-A7F1-2A1765D91720}
		{C18D37BC-5B6A-446E-9873-AE8B7757558E} = {9F17C6DF-F791-458B-A7F1-2A1765D91720}
		{C066F3F8-CADC-4952-B25C-E06186D1F424} = {DA23EA4F-A4CF-4BB6-99EA-947C3C574296}
		{C750AD3E-B46C-476F-BF2B-920897641670} = {0865A500-32C5-4061-9692-25B9B7D9D87C}
		{17993365-1D9E-4472-BD76-107357EE4C59} = {C750AD3E-B46C-476F-BF2B-920897641670}
		{34C61DAA-1B38-4474-84BC-D5D402E6C779} = {17993365-1D9E-4472-BD76-107357EE4C59}
		{399EBF22-E0D8-4A66-B35E-7F82C1FBAD02} = {17993365-1D9E-4472-BD76-107357EE4C59}
		{65DCDFBE-2261-4169-A9BF-48A76F3D47F9} = {17993365-1D9E-4472-BD76-107357EE4C59}
		{668F689F-D2C4-463D-848C-E020AD0D7427} = {17993365-1D9E-4472-BD76-107357EE4C59}
		{76A6DB57-AD3D-4702-A046-335D8A57A6FD} = {17993365-1D9E-4472-BD76-107357EE4C59}
		{710AE77E-8B42-4D7D-BBCC-CF5482B98A2F} = {C750AD3E-B46C-476F-BF2B-920897641670}
		{05050268-0ED4-44D3-82EC-5311576ABFDA} = {0865A500-32C5-4061-9692-25B9B7D9D87C}
		{D262F197-CBC4-4A5F-9539-E8F02B72F4D0} = {05050268-0ED4-44D3-82EC-5311576ABFDA}
		{9196D4C7-F28F-43EF-B567-639DDCC6448E} = {0865A500-32C5-4061-9692-25B9B7D9D87C}
		{CF88F76C-C628-4089-AF1D-F52BD3EABB46} = {9196D4C7-F28F-43EF-B567-639DDCC6448E}
		{696B2934-B57B-4DCD-8A0B-E08ED540BC43} = {CF88F76C-C628-4089-AF1D-F52BD3EABB46}
		{83693272-04B5-47EE-8D3D-3D82E94FA157} = {CF88F76C-C628-4089-AF1D-F52BD3EABB46}
		{577F784C-CE73-4EAB-BA6F-ED979373CB98} = {CF88F76C-C628-4089-AF1D-F52BD3EABB46}
		{F37B2667-9548-45B4-8134-48ED1742A427} = {CF88F76C-C628-4089-AF1D-F52BD3EABB46}
		{FB74943A-9F87-4C0D-BD21-99A9C1241E61} = {CF88F76C-C628-4089-AF1D-F52BD3EABB46}
		{D668D42C-C05F-46C6-B213-4CEB8FE86524} = {9196D4C7-F28F-43EF-B567-639DDCC6448E}
		{6C5311F1-8548-4095-8B0D-8B3687873AB4} = {0865A500-32C5-4061-9692-25B9B7D9D87C}
		{09723434-4047-4FD2-8765-063DD4672A01} = {6C5311F1-8548-4095-8B0D-8B3687873AB4}
		{60CBC7BB-EBCB-4C06-B0B3-682F0D04F816} = {09723434-4047-4FD2-8765-063DD4672A01}
		{FD9B5AFB-3D2D-46C9-83F3-23266BED2693} = {09723434-4047-4FD2-8765-063DD4672A01}
		{2B09D32F-40ED-42C5-87FD-6851B1451B8B} = {09723434-4047-4FD2-8765-063DD4672A01}
		{E379996C-CA7E-432E-A3E0-F3B48D321C6C} = {09723434-4047-4FD2-8765-063DD4672A01}
		{BFBE70EB-CEF7-4BF4-8732-6D12837399AB} = {09723434-4047-4FD2-8765-063DD4672A01}
		{519BD4B9-D88D-4E73-BE8B-258E29F57ED6} = {6C5311F1-8548-4095-8B0D-8B3687873AB4}
		{39760CC7-B2F0-44E0-AED9-C2416F95D2FC} = {0865A500-32C5-4061-9692-25B9B7D9D87C}
		{82D03410-8816-4C40-9204-5CCC9BB697C5} = {39760CC7-B2F0-44E0-AED9-C2416F95D2FC}
		{5856EE4C-18E1-434A-AAB0-45D3F8AFDD8E} = {82D03410-8816-4C40-9204-5CCC9BB697C5}
		{840D7E14-9AEC-4F7C-BD16-24B6FCCBB5CE} = {82D03410-8816-4C40-9204-5CCC9BB697C5}
		{3B015C11-E4EF-45D6-810B-1840E5EC7D29} = {82D03410-8816-4C40-9204-5CCC9BB697C5}
		{DA070D42-38AB-4348-A9F8-6B4A4C2C7A3B} = {82D03410-8816-4C40-9204-5CCC9BB697C5}
		{F95F057D-4E08-4965-8D2F-7DD96B9FE9B5} = {82D03410-8816-4C40-9204-5CCC9BB697C5}
		{DAE52B23-EE49-44E2-8160-76F04205AE2D} = {39760CC7-B2F0-44E0-AED9-C2416F95D2FC}
		{D4A89639-D23D-45C4-B142-52AE1E896093} = {0865A500-32C5-4061-9692-25B9B7D9D87C}
		{29C50CB4-81B7-4ACB-8AE3-DA493F3F58BE} = {D4A89639-D23D-45C4-B142-52AE1E896093}
		{7A3EDE29-C1DB-4047-9B73-4BAC518F2073} = {29C50CB4-81B7-4ACB-8AE3-DA493F3F58BE}
		{DB03F25F-245A-4F26-AB15-A477DBC0B94D} = {29C50CB4-81B7-4ACB-8AE3-DA493F3F58BE}
		{A49F84D1-BA8E-4C86-9AAB-A42E2833A1E1} = {29C50CB4-81B7-4ACB-8AE3-DA493F3F58BE}
		{F4AE9FBA-CD26-4925-8CCC-96E67DC3A741} = {29C50CB4-81B7-4ACB-8AE3-DA493F3F58BE}
		{8EF4485E-7A72-4C26-9F3A-4169E90A8D23} = {29C50CB4-81B7-4ACB-8AE3-DA493F3F58BE}
		{3FB0E806-432E-4229-ABF3-08BBE9D5097E} = {D4A89639-D23D-45C4-B142-52AE1E896093}
		{FD568CC5-B73D-428D-BC2B-A4E5727B3470} = {0865A500-32C5-4061-9692-25B9B7D9D87C}
		{72B4D987-0302-4E9D-BA2C-B8BD3ECAF329} = {FD568CC5-B73D-428D-BC2B-A4E5727B3470}
		{EBFEF50B-BA2D-4D85-8F92-DE9B8280B593} = {72B4D987-0302-4E9D-BA2C-B8BD3ECAF329}
		{9DBD360D-5118-443F-8690-1CE3008F93B6} = {72B4D987-0302-4E9D-BA2C-B8BD3ECAF329}
		{13823508-146D-4DCE-8319-996DE8538A33} = {72B4D987-0302-4E9D-BA2C-B8BD3ECAF329}
		{1C6FFBD0-EC91-49E6-8F71-64260B57ECE7} = {72B4D987-0302-4E9D-BA2C-B8BD3ECAF329}
		{C69B4C1C-0CD7-4E56-8121-DF9E6460C5CC} = {72B4D987-0302-4E9D-BA2C-B8BD3ECAF329}
		{329DB32E-F2AB-4813-990D-621F6798DECE} = {72B4D987-0302-4E9D-BA2C-B8BD3ECAF329}
		{663E258C-7B2E-4848-A65D-1D37738487E9} = {FD568CC5-B73D-428D-BC2B-A4E5727B3470}
	EndGlobalSection
	GlobalSection(ExtensibilityGlobals) = postSolution
		SolutionGuid = {28CF9A73-5333-4EB3-BFCC-3FBEDDA19200}
	EndGlobalSection
EndGlobal
