<Solution>
  <Folder Name="/.github/">
    <File Path="../.github/copilot-instructions.md" />
  </Folder>
  <Configurations>
    <BuildType Name="Release" />
  </Configurations>
  <Project Path="JPTools/JPTools.csproj" />
  <Project Path="SoftWarmBeds/SoftWarmBeds.csproj">
    <BuildType Project="Release" />
  </Project>
</Solution>